// !$*UTF8*$!
{
	archiveVersion = 1;
	classes = {
	};
	objectVersion = 56;
	objects = {

/* Begin PBXBuildFile section */
		304984592B346CCD00188A9A /* recetasIOSApp.swift in Sources */ = {isa = PBXBuildFile; fileRef = 304984582B346CCD00188A9A /* recetasIOSApp.swift */; };
		3049845B2B346CCD00188A9A /* ContentView.swift in Sources */ = {isa = PBXBuildFile; fileRef = 3049845A2B346CCD00188A9A /* ContentView.swift */; };
		3049845D2B346CCE00188A9A /* Assets.xcassets in Resources */ = {isa = PBXBuildFile; fileRef = 3049845C2B346CCE00188A9A /* Assets.xcassets */; };
		304984602B346CCE00188A9A /* Preview Assets.xcassets in Resources */ = {isa = PBXBuildFile; fileRef = 3049845F2B346CCE00188A9A /* Preview Assets.xcassets */; };
		3049846A2B346CCE00188A9A /* recetasIOSTests.swift in Sources */ = {isa = PBXBuildFile; fileRef = 304984692B346CCE00188A9A /* recetasIOSTests.swift */; };
		304984742B346CCE00188A9A /* recetasIOSUITests.swift in Sources */ = {isa = PBXBuildFile; fileRef = 304984732B346CCE00188A9A /* recetasIOSUITests.swift */; };
		304984762B346CCE00188A9A /* recetasIOSUITestsLaunchTests.swift in Sources */ = {isa = PBXBuildFile; fileRef = 304984752B346CCE00188A9A /* recetasIOSUITestsLaunchTests.swift */; };
		304984912B346CEB00188A9A /* infraestructure.framework in Frameworks */ = {isa = PBXBuildFile; fileRef = 304984872B346CEB00188A9A /* infraestructure.framework */; };
		304984982B346CEB00188A9A /* infraestructureTests.swift in Sources */ = {isa = PBXBuildFile; fileRef = 304984972B346CEB00188A9A /* infraestructureTests.swift */; };
		304984992B346CEB00188A9A /* infraestructure.h in Headers */ = {isa = PBXBuildFile; fileRef = 304984892B346CEB00188A9A /* infraestructure.h */; settings = {ATTRIBUTES = (Public, ); }; };
		3049849C2B346CEB00188A9A /* infraestructure.framework in Frameworks */ = {isa = PBXBuildFile; fileRef = 304984872B346CEB00188A9A /* infraestructure.framework */; };
		3049849D2B346CEB00188A9A /* infraestructure.framework in Embed Frameworks */ = {isa = PBXBuildFile; fileRef = 304984872B346CEB00188A9A /* infraestructure.framework */; settings = {ATTRIBUTES = (CodeSignOnCopy, RemoveHeadersOnCopy, ); }; };
		304984B42B346CF600188A9A /* domain.framework in Frameworks */ = {isa = PBXBuildFile; fileRef = 304984AA2B346CF500188A9A /* domain.framework */; };
		304984BB2B346CF600188A9A /* domainTests.swift in Sources */ = {isa = PBXBuildFile; fileRef = 304984BA2B346CF600188A9A /* domainTests.swift */; };
		304984BC2B346CF600188A9A /* domain.h in Headers */ = {isa = PBXBuildFile; fileRef = 304984AC2B346CF600188A9A /* domain.h */; settings = {ATTRIBUTES = (Public, ); }; };
		304984BF2B346CF600188A9A /* domain.framework in Frameworks */ = {isa = PBXBuildFile; fileRef = 304984AA2B346CF500188A9A /* domain.framework */; };
		304984C02B346CF600188A9A /* domain.framework in Embed Frameworks */ = {isa = PBXBuildFile; fileRef = 304984AA2B346CF500188A9A /* domain.framework */; settings = {ATTRIBUTES = (CodeSignOnCopy, RemoveHeadersOnCopy, ); }; };
		304984D22B3471C900188A9A /* Recipe.swift in Sources */ = {isa = PBXBuildFile; fileRef = 304984D12B3471C900188A9A /* Recipe.swift */; };
		304984D42B3471F300188A9A /* RecipeDetail.swift in Sources */ = {isa = PBXBuildFile; fileRef = 304984D32B3471F300188A9A /* RecipeDetail.swift */; };
		304984D62B34720700188A9A /* Ingredient.swift in Sources */ = {isa = PBXBuildFile; fileRef = 304984D52B34720700188A9A /* Ingredient.swift */; };
		304984D82B34721400188A9A /* Macronutrient.swift in Sources */ = {isa = PBXBuildFile; fileRef = 304984D72B34721400188A9A /* Macronutrient.swift */; };
		304984DA2B34723300188A9A /* Location.swift in Sources */ = {isa = PBXBuildFile; fileRef = 304984D92B34723300188A9A /* Location.swift */; };
		304984DD2B34730C00188A9A /* Country.swift in Sources */ = {isa = PBXBuildFile; fileRef = 304984DC2B34730C00188A9A /* Country.swift */; };
		304984DF2B34736600188A9A /* RecipeRepository.swift in Sources */ = {isa = PBXBuildFile; fileRef = 304984DE2B34736600188A9A /* RecipeRepository.swift */; };
		94C528459C8B3059940C1B8B /* Pods_infraestructure.framework in Frameworks */ = {isa = PBXBuildFile; fileRef = 9B9BAF640741819551320DDF /* Pods_infraestructure.framework */; };
		9D1BEC23DA24338A7719A791 /* Pods_recetasIOSTests.framework in Frameworks */ = {isa = PBXBuildFile; fileRef = 766CA463C63B4157C4A102BD /* Pods_recetasIOSTests.framework */; };
		A14FAE303FEAA140E93E2DE3 /* Pods_recetasIOS.framework in Frameworks */ = {isa = PBXBuildFile; fileRef = 97249128124E7437A625F22D /* Pods_recetasIOS.framework */; };
		A9329D9CD25743AE9BFCD163 /* Pods_infraestructure_infraestructureTests.framework in Frameworks */ = {isa = PBXBuildFile; fileRef = AC68243C6DA325DEB80B1DA7 /* Pods_infraestructure_infraestructureTests.framework */; };
		C1232A25CEAB8AF6888990DF /* Pods_domain_domainTests.framework in Frameworks */ = {isa = PBXBuildFile; fileRef = 9A44380EC6805C03B6710BA0 /* Pods_domain_domainTests.framework */; };
		EA7D92FE174D2581D1A33F6E /* Pods_domain.framework in Frameworks */ = {isa = PBXBuildFile; fileRef = 83393F027E276D39B204814D /* Pods_domain.framework */; };
		F6485BF1CF3A98DBE5940479 /* Pods_recetasIOS_recetasIOSUITests.framework in Frameworks */ = {isa = PBXBuildFile; fileRef = D2173F25856497BD8B37865A /* Pods_recetasIOS_recetasIOSUITests.framework */; };
/* End PBXBuildFile section */

/* Begin PBXContainerItemProxy section */
		304984662B346CCE00188A9A /* PBXContainerItemProxy */ = {
			isa = PBXContainerItemProxy;
			containerPortal = 3049844D2B346CCD00188A9A /* Project object */;
			proxyType = 1;
			remoteGlobalIDString = 304984542B346CCD00188A9A;
			remoteInfo = recetasIOS;
		};
		304984702B346CCE00188A9A /* PBXContainerItemProxy */ = {
			isa = PBXContainerItemProxy;
			containerPortal = 3049844D2B346CCD00188A9A /* Project object */;
			proxyType = 1;
			remoteGlobalIDString = 304984542B346CCD00188A9A;
			remoteInfo = recetasIOS;
		};
		304984922B346CEB00188A9A /* PBXContainerItemProxy */ = {
			isa = PBXContainerItemProxy;
			containerPortal = 3049844D2B346CCD00188A9A /* Project object */;
			proxyType = 1;
			remoteGlobalIDString = 304984862B346CEB00188A9A;
			remoteInfo = infraestructure;
		};
		304984942B346CEB00188A9A /* PBXContainerItemProxy */ = {
			isa = PBXContainerItemProxy;
			containerPortal = 3049844D2B346CCD00188A9A /* Project object */;
			proxyType = 1;
			remoteGlobalIDString = 304984542B346CCD00188A9A;
			remoteInfo = recetasIOS;
		};
		3049849A2B346CEB00188A9A /* PBXContainerItemProxy */ = {
			isa = PBXContainerItemProxy;
			containerPortal = 3049844D2B346CCD00188A9A /* Project object */;
			proxyType = 1;
			remoteGlobalIDString = 304984862B346CEB00188A9A;
			remoteInfo = infraestructure;
		};
		304984B52B346CF600188A9A /* PBXContainerItemProxy */ = {
			isa = PBXContainerItemProxy;
			containerPortal = 3049844D2B346CCD00188A9A /* Project object */;
			proxyType = 1;
			remoteGlobalIDString = 304984A92B346CF500188A9A;
			remoteInfo = domain;
		};
		304984B72B346CF600188A9A /* PBXContainerItemProxy */ = {
			isa = PBXContainerItemProxy;
			containerPortal = 3049844D2B346CCD00188A9A /* Project object */;
			proxyType = 1;
			remoteGlobalIDString = 304984542B346CCD00188A9A;
			remoteInfo = recetasIOS;
		};
		304984BD2B346CF600188A9A /* PBXContainerItemProxy */ = {
			isa = PBXContainerItemProxy;
			containerPortal = 3049844D2B346CCD00188A9A /* Project object */;
			proxyType = 1;
			remoteGlobalIDString = 304984A92B346CF500188A9A;
			remoteInfo = domain;
		};
/* End PBXContainerItemProxy section */

/* Begin PBXCopyFilesBuildPhase section */
		304984A12B346CEB00188A9A /* Embed Frameworks */ = {
			isa = PBXCopyFilesBuildPhase;
			buildActionMask = 2147483647;
			dstPath = "";
			dstSubfolderSpec = 10;
			files = (
				304984C02B346CF600188A9A /* domain.framework in Embed Frameworks */,
				3049849D2B346CEB00188A9A /* infraestructure.framework in Embed Frameworks */,
			);
			name = "Embed Frameworks";
			runOnlyForDeploymentPostprocessing = 0;
		};
/* End PBXCopyFilesBuildPhase section */

/* Begin PBXFileReference section */
		117909AE9915F1DD21E3DEEF /* Pods-recetasIOS-recetasIOSUITests.release.xcconfig */ = {isa = PBXFileReference; includeInIndex = 1; lastKnownFileType = text.xcconfig; name = "Pods-recetasIOS-recetasIOSUITests.release.xcconfig"; path = "Target Support Files/Pods-recetasIOS-recetasIOSUITests/Pods-recetasIOS-recetasIOSUITests.release.xcconfig"; sourceTree = "<group>"; };
		29EA95D9B8D63F82923EA013 /* Pods-recetasIOS.debug.xcconfig */ = {isa = PBXFileReference; includeInIndex = 1; lastKnownFileType = text.xcconfig; name = "Pods-recetasIOS.debug.xcconfig"; path = "Target Support Files/Pods-recetasIOS/Pods-recetasIOS.debug.xcconfig"; sourceTree = "<group>"; };
		2AB5257CCFBD48991738BB97 /* Pods-domain-domainTests.debug.xcconfig */ = {isa = PBXFileReference; includeInIndex = 1; lastKnownFileType = text.xcconfig; name = "Pods-domain-domainTests.debug.xcconfig"; path = "Target Support Files/Pods-domain-domainTests/Pods-domain-domainTests.debug.xcconfig"; sourceTree = "<group>"; };
		304984552B346CCD00188A9A /* recetasIOS.app */ = {isa = PBXFileReference; explicitFileType = wrapper.application; includeInIndex = 0; path = recetasIOS.app; sourceTree = BUILT_PRODUCTS_DIR; };
		304984582B346CCD00188A9A /* recetasIOSApp.swift */ = {isa = PBXFileReference; lastKnownFileType = sourcecode.swift; path = recetasIOSApp.swift; sourceTree = "<group>"; };
		3049845A2B346CCD00188A9A /* ContentView.swift */ = {isa = PBXFileReference; lastKnownFileType = sourcecode.swift; path = ContentView.swift; sourceTree = "<group>"; };
		3049845C2B346CCE00188A9A /* Assets.xcassets */ = {isa = PBXFileReference; lastKnownFileType = folder.assetcatalog; path = Assets.xcassets; sourceTree = "<group>"; };
		3049845F2B346CCE00188A9A /* Preview Assets.xcassets */ = {isa = PBXFileReference; lastKnownFileType = folder.assetcatalog; path = "Preview Assets.xcassets"; sourceTree = "<group>"; };
		304984652B346CCE00188A9A /* recetasIOSTests.xctest */ = {isa = PBXFileReference; explicitFileType = wrapper.cfbundle; includeInIndex = 0; path = recetasIOSTests.xctest; sourceTree = BUILT_PRODUCTS_DIR; };
		304984692B346CCE00188A9A /* recetasIOSTests.swift */ = {isa = PBXFileReference; lastKnownFileType = sourcecode.swift; path = recetasIOSTests.swift; sourceTree = "<group>"; };
		3049846F2B346CCE00188A9A /* recetasIOSUITests.xctest */ = {isa = PBXFileReference; explicitFileType = wrapper.cfbundle; includeInIndex = 0; path = recetasIOSUITests.xctest; sourceTree = BUILT_PRODUCTS_DIR; };
		304984732B346CCE00188A9A /* recetasIOSUITests.swift */ = {isa = PBXFileReference; lastKnownFileType = sourcecode.swift; path = recetasIOSUITests.swift; sourceTree = "<group>"; };
		304984752B346CCE00188A9A /* recetasIOSUITestsLaunchTests.swift */ = {isa = PBXFileReference; lastKnownFileType = sourcecode.swift; path = recetasIOSUITestsLaunchTests.swift; sourceTree = "<group>"; };
		304984872B346CEB00188A9A /* infraestructure.framework */ = {isa = PBXFileReference; explicitFileType = wrapper.framework; includeInIndex = 0; path = infraestructure.framework; sourceTree = BUILT_PRODUCTS_DIR; };
		304984892B346CEB00188A9A /* infraestructure.h */ = {isa = PBXFileReference; lastKnownFileType = sourcecode.c.h; path = infraestructure.h; sourceTree = "<group>"; };
		304984902B346CEB00188A9A /* infraestructureTests.xctest */ = {isa = PBXFileReference; explicitFileType = wrapper.cfbundle; includeInIndex = 0; path = infraestructureTests.xctest; sourceTree = BUILT_PRODUCTS_DIR; };
		304984972B346CEB00188A9A /* infraestructureTests.swift */ = {isa = PBXFileReference; lastKnownFileType = sourcecode.swift; path = infraestructureTests.swift; sourceTree = "<group>"; };
		304984AA2B346CF500188A9A /* domain.framework */ = {isa = PBXFileReference; explicitFileType = wrapper.framework; includeInIndex = 0; path = domain.framework; sourceTree = BUILT_PRODUCTS_DIR; };
		304984AC2B346CF600188A9A /* domain.h */ = {isa = PBXFileReference; lastKnownFileType = sourcecode.c.h; path = domain.h; sourceTree = "<group>"; };
		304984B32B346CF600188A9A /* domainTests.xctest */ = {isa = PBXFileReference; explicitFileType = wrapper.cfbundle; includeInIndex = 0; path = domainTests.xctest; sourceTree = BUILT_PRODUCTS_DIR; };
		304984BA2B346CF600188A9A /* domainTests.swift */ = {isa = PBXFileReference; lastKnownFileType = sourcecode.swift; path = domainTests.swift; sourceTree = "<group>"; };
		304984D12B3471C900188A9A /* Recipe.swift */ = {isa = PBXFileReference; lastKnownFileType = sourcecode.swift; path = Recipe.swift; sourceTree = "<group>"; };
		304984D32B3471F300188A9A /* RecipeDetail.swift */ = {isa = PBXFileReference; lastKnownFileType = sourcecode.swift; path = RecipeDetail.swift; sourceTree = "<group>"; };
		304984D52B34720700188A9A /* Ingredient.swift */ = {isa = PBXFileReference; lastKnownFileType = sourcecode.swift; path = Ingredient.swift; sourceTree = "<group>"; };
		304984D72B34721400188A9A /* Macronutrient.swift */ = {isa = PBXFileReference; lastKnownFileType = sourcecode.swift; path = Macronutrient.swift; sourceTree = "<group>"; };
		304984D92B34723300188A9A /* Location.swift */ = {isa = PBXFileReference; lastKnownFileType = sourcecode.swift; path = Location.swift; sourceTree = "<group>"; };
		304984DC2B34730C00188A9A /* Country.swift */ = {isa = PBXFileReference; lastKnownFileType = sourcecode.swift; path = Country.swift; sourceTree = "<group>"; };
		304984DE2B34736600188A9A /* RecipeRepository.swift */ = {isa = PBXFileReference; lastKnownFileType = sourcecode.swift; path = RecipeRepository.swift; sourceTree = "<group>"; };
		6D6F3CD9E39D738EC369E7ED /* Pods-infraestructure-infraestructureTests.release.xcconfig */ = {isa = PBXFileReference; includeInIndex = 1; lastKnownFileType = text.xcconfig; name = "Pods-infraestructure-infraestructureTests.release.xcconfig"; path = "Target Support Files/Pods-infraestructure-infraestructureTests/Pods-infraestructure-infraestructureTests.release.xcconfig"; sourceTree = "<group>"; };
		74DF3B10D1BDAF4BADECAA56 /* Pods-recetasIOS.release.xcconfig */ = {isa = PBXFileReference; includeInIndex = 1; lastKnownFileType = text.xcconfig; name = "Pods-recetasIOS.release.xcconfig"; path = "Target Support Files/Pods-recetasIOS/Pods-recetasIOS.release.xcconfig"; sourceTree = "<group>"; };
		766CA463C63B4157C4A102BD /* Pods_recetasIOSTests.framework */ = {isa = PBXFileReference; explicitFileType = wrapper.framework; includeInIndex = 0; path = Pods_recetasIOSTests.framework; sourceTree = BUILT_PRODUCTS_DIR; };
		7EA91C1CCB1214A533E1B1FA /* Pods-infraestructure.debug.xcconfig */ = {isa = PBXFileReference; includeInIndex = 1; lastKnownFileType = text.xcconfig; name = "Pods-infraestructure.debug.xcconfig"; path = "Target Support Files/Pods-infraestructure/Pods-infraestructure.debug.xcconfig"; sourceTree = "<group>"; };
		83393F027E276D39B204814D /* Pods_domain.framework */ = {isa = PBXFileReference; explicitFileType = wrapper.framework; includeInIndex = 0; path = Pods_domain.framework; sourceTree = BUILT_PRODUCTS_DIR; };
		8C855F53BE46AF6621A2705C /* Pods-recetasIOSTests.debug.xcconfig */ = {isa = PBXFileReference; includeInIndex = 1; lastKnownFileType = text.xcconfig; name = "Pods-recetasIOSTests.debug.xcconfig"; path = "Target Support Files/Pods-recetasIOSTests/Pods-recetasIOSTests.debug.xcconfig"; sourceTree = "<group>"; };
		97249128124E7437A625F22D /* Pods_recetasIOS.framework */ = {isa = PBXFileReference; explicitFileType = wrapper.framework; includeInIndex = 0; path = Pods_recetasIOS.framework; sourceTree = BUILT_PRODUCTS_DIR; };
		9784863361C8B9FA5E04994C /* Pods-infraestructure-infraestructureTests.debug.xcconfig */ = {isa = PBXFileReference; includeInIndex = 1; lastKnownFileType = text.xcconfig; name = "Pods-infraestructure-infraestructureTests.debug.xcconfig"; path = "Target Support Files/Pods-infraestructure-infraestructureTests/Pods-infraestructure-infraestructureTests.debug.xcconfig"; sourceTree = "<group>"; };
		9A44380EC6805C03B6710BA0 /* Pods_domain_domainTests.framework */ = {isa = PBXFileReference; explicitFileType = wrapper.framework; includeInIndex = 0; path = Pods_domain_domainTests.framework; sourceTree = BUILT_PRODUCTS_DIR; };
		9B9BAF640741819551320DDF /* Pods_infraestructure.framework */ = {isa = PBXFileReference; explicitFileType = wrapper.framework; includeInIndex = 0; path = Pods_infraestructure.framework; sourceTree = BUILT_PRODUCTS_DIR; };
		A9E82F31EADBA96E034B466E /* Pods-infraestructure.release.xcconfig */ = {isa = PBXFileReference; includeInIndex = 1; lastKnownFileType = text.xcconfig; name = "Pods-infraestructure.release.xcconfig"; path = "Target Support Files/Pods-infraestructure/Pods-infraestructure.release.xcconfig"; sourceTree = "<group>"; };
		AC68243C6DA325DEB80B1DA7 /* Pods_infraestructure_infraestructureTests.framework */ = {isa = PBXFileReference; explicitFileType = wrapper.framework; includeInIndex = 0; path = Pods_infraestructure_infraestructureTests.framework; sourceTree = BUILT_PRODUCTS_DIR; };
		AEB6A01023508EA5C5EFFD59 /* Pods-domain.debug.xcconfig */ = {isa = PBXFileReference; includeInIndex = 1; lastKnownFileType = text.xcconfig; name = "Pods-domain.debug.xcconfig"; path = "Target Support Files/Pods-domain/Pods-domain.debug.xcconfig"; sourceTree = "<group>"; };
		C22CA68D5FFAAF2D960E5610 /* Pods-domain-domainTests.release.xcconfig */ = {isa = PBXFileReference; includeInIndex = 1; lastKnownFileType = text.xcconfig; name = "Pods-domain-domainTests.release.xcconfig"; path = "Target Support Files/Pods-domain-domainTests/Pods-domain-domainTests.release.xcconfig"; sourceTree = "<group>"; };
		D2173F25856497BD8B37865A /* Pods_recetasIOS_recetasIOSUITests.framework */ = {isa = PBXFileReference; explicitFileType = wrapper.framework; includeInIndex = 0; path = Pods_recetasIOS_recetasIOSUITests.framework; sourceTree = BUILT_PRODUCTS_DIR; };
		D3402699ED5D2F5DA9A818D9 /* Pods-recetasIOS-recetasIOSUITests.debug.xcconfig */ = {isa = PBXFileReference; includeInIndex = 1; lastKnownFileType = text.xcconfig; name = "Pods-recetasIOS-recetasIOSUITests.debug.xcconfig"; path = "Target Support Files/Pods-recetasIOS-recetasIOSUITests/Pods-recetasIOS-recetasIOSUITests.debug.xcconfig"; sourceTree = "<group>"; };
		E4899E4D0BA0D2B5F859CE22 /* Pods-recetasIOSTests.release.xcconfig */ = {isa = PBXFileReference; includeInIndex = 1; lastKnownFileType = text.xcconfig; name = "Pods-recetasIOSTests.release.xcconfig"; path = "Target Support Files/Pods-recetasIOSTests/Pods-recetasIOSTests.release.xcconfig"; sourceTree = "<group>"; };
		F29D993D407C50A2ACBACCF8 /* Pods-domain.release.xcconfig */ = {isa = PBXFileReference; includeInIndex = 1; lastKnownFileType = text.xcconfig; name = "Pods-domain.release.xcconfig"; path = "Target Support Files/Pods-domain/Pods-domain.release.xcconfig"; sourceTree = "<group>"; };
/* End PBXFileReference section */

/* Begin PBXFrameworksBuildPhase section */
		304984522B346CCD00188A9A /* Frameworks */ = {
			isa = PBXFrameworksBuildPhase;
			buildActionMask = 2147483647;
			files = (
				304984BF2B346CF600188A9A /* domain.framework in Frameworks */,
				3049849C2B346CEB00188A9A /* infraestructure.framework in Frameworks */,
				A14FAE303FEAA140E93E2DE3 /* Pods_recetasIOS.framework in Frameworks */,
			);
			runOnlyForDeploymentPostprocessing = 0;
		};
		304984622B346CCE00188A9A /* Frameworks */ = {
			isa = PBXFrameworksBuildPhase;
			buildActionMask = 2147483647;
			files = (
				9D1BEC23DA24338A7719A791 /* Pods_recetasIOSTests.framework in Frameworks */,
			);
			runOnlyForDeploymentPostprocessing = 0;
		};
		3049846C2B346CCE00188A9A /* Frameworks */ = {
			isa = PBXFrameworksBuildPhase;
			buildActionMask = 2147483647;
			files = (
				F6485BF1CF3A98DBE5940479 /* Pods_recetasIOS_recetasIOSUITests.framework in Frameworks */,
			);
			runOnlyForDeploymentPostprocessing = 0;
		};
		304984842B346CEB00188A9A /* Frameworks */ = {
			isa = PBXFrameworksBuildPhase;
			buildActionMask = 2147483647;
			files = (
				94C528459C8B3059940C1B8B /* Pods_infraestructure.framework in Frameworks */,
			);
			runOnlyForDeploymentPostprocessing = 0;
		};
		3049848D2B346CEB00188A9A /* Frameworks */ = {
			isa = PBXFrameworksBuildPhase;
			buildActionMask = 2147483647;
			files = (
				304984912B346CEB00188A9A /* infraestructure.framework in Frameworks */,
				A9329D9CD25743AE9BFCD163 /* Pods_infraestructure_infraestructureTests.framework in Frameworks */,
			);
			runOnlyForDeploymentPostprocessing = 0;
		};
		304984A72B346CF500188A9A /* Frameworks */ = {
			isa = PBXFrameworksBuildPhase;
			buildActionMask = 2147483647;
			files = (
				EA7D92FE174D2581D1A33F6E /* Pods_domain.framework in Frameworks */,
			);
			runOnlyForDeploymentPostprocessing = 0;
		};
		304984B02B346CF600188A9A /* Frameworks */ = {
			isa = PBXFrameworksBuildPhase;
			buildActionMask = 2147483647;
			files = (
				304984B42B346CF600188A9A /* domain.framework in Frameworks */,
				C1232A25CEAB8AF6888990DF /* Pods_domain_domainTests.framework in Frameworks */,
			);
			runOnlyForDeploymentPostprocessing = 0;
		};
/* End PBXFrameworksBuildPhase section */

/* Begin PBXGroup section */
		3049844C2B346CCD00188A9A = {
			isa = PBXGroup;
			children = (
				304984572B346CCD00188A9A /* recetasIOS */,
				304984682B346CCE00188A9A /* recetasIOSTests */,
				304984722B346CCE00188A9A /* recetasIOSUITests */,
				304984882B346CEB00188A9A /* infraestructure */,
				304984962B346CEB00188A9A /* infraestructureTests */,
				304984AB2B346CF500188A9A /* domain */,
				304984B92B346CF600188A9A /* domainTests */,
				304984562B346CCD00188A9A /* Products */,
				CA5FCF139042D07CC2510477 /* Pods */,
				6673705C3834B02475915E01 /* Frameworks */,
			);
			sourceTree = "<group>";
		};
		304984562B346CCD00188A9A /* Products */ = {
			isa = PBXGroup;
			children = (
				304984552B346CCD00188A9A /* recetasIOS.app */,
				304984652B346CCE00188A9A /* recetasIOSTests.xctest */,
				3049846F2B346CCE00188A9A /* recetasIOSUITests.xctest */,
				304984872B346CEB00188A9A /* infraestructure.framework */,
				304984902B346CEB00188A9A /* infraestructureTests.xctest */,
				304984AA2B346CF500188A9A /* domain.framework */,
				304984B32B346CF600188A9A /* domainTests.xctest */,
			);
			name = Products;
			sourceTree = "<group>";
		};
		304984572B346CCD00188A9A /* recetasIOS */ = {
			isa = PBXGroup;
			children = (
				304984582B346CCD00188A9A /* recetasIOSApp.swift */,
				3049845A2B346CCD00188A9A /* ContentView.swift */,
				3049845C2B346CCE00188A9A /* Assets.xcassets */,
				3049845E2B346CCE00188A9A /* Preview Content */,
			);
			path = recetasIOS;
			sourceTree = "<group>";
		};
		3049845E2B346CCE00188A9A /* Preview Content */ = {
			isa = PBXGroup;
			children = (
				3049845F2B346CCE00188A9A /* Preview Assets.xcassets */,
			);
			path = "Preview Content";
			sourceTree = "<group>";
		};
		304984682B346CCE00188A9A /* recetasIOSTests */ = {
			isa = PBXGroup;
			children = (
				304984692B346CCE00188A9A /* recetasIOSTests.swift */,
			);
			path = recetasIOSTests;
			sourceTree = "<group>";
		};
		304984722B346CCE00188A9A /* recetasIOSUITests */ = {
			isa = PBXGroup;
			children = (
				304984732B346CCE00188A9A /* recetasIOSUITests.swift */,
				304984752B346CCE00188A9A /* recetasIOSUITestsLaunchTests.swift */,
			);
			path = recetasIOSUITests;
			sourceTree = "<group>";
		};
		304984882B346CEB00188A9A /* infraestructure */ = {
			isa = PBXGroup;
			children = (
				304984CC2B346DAA00188A9A /* anticorruption */,
				304984C72B346D6800188A9A /* recipe */,
				304984892B346CEB00188A9A /* infraestructure.h */,
			);
			path = infraestructure;
			sourceTree = "<group>";
		};
		304984962B346CEB00188A9A /* infraestructureTests */ = {
			isa = PBXGroup;
			children = (
				304984972B346CEB00188A9A /* infraestructureTests.swift */,
			);
			path = infraestructureTests;
			sourceTree = "<group>";
		};
		304984AB2B346CF500188A9A /* domain */ = {
			isa = PBXGroup;
			children = (
				304984DB2B34730100188A9A /* country */,
				304984CD2B346DE400188A9A /* recipe */,
				304984AC2B346CF600188A9A /* domain.h */,
			);
			path = domain;
			sourceTree = "<group>";
		};
		304984B92B346CF600188A9A /* domainTests */ = {
			isa = PBXGroup;
			children = (
				304984BA2B346CF600188A9A /* domainTests.swift */,
			);
			path = domainTests;
			sourceTree = "<group>";
		};
		304984C72B346D6800188A9A /* recipe */ = {
			isa = PBXGroup;
			children = (
				304984CB2B346D9600188A9A /* repository */,
				304984CA2B346D8F00188A9A /* dto */,
				304984C92B346D8400188A9A /* anticorruption */,
				304984C82B346D7700188A9A /* api */,
			);
			path = recipe;
			sourceTree = "<group>";
		};
		304984C82B346D7700188A9A /* api */ = {
			isa = PBXGroup;
			children = (
			);
			path = api;
			sourceTree = "<group>";
		};
		304984C92B346D8400188A9A /* anticorruption */ = {
			isa = PBXGroup;
			children = (
			);
			path = anticorruption;
			sourceTree = "<group>";
		};
		304984CA2B346D8F00188A9A /* dto */ = {
			isa = PBXGroup;
			children = (
			);
			path = dto;
			sourceTree = "<group>";
		};
		304984CB2B346D9600188A9A /* repository */ = {
			isa = PBXGroup;
			children = (
			);
			path = repository;
			sourceTree = "<group>";
		};
		304984CC2B346DAA00188A9A /* anticorruption */ = {
			isa = PBXGroup;
			children = (
			);
			path = anticorruption;
			sourceTree = "<group>";
		};
		304984CD2B346DE400188A9A /* recipe */ = {
			isa = PBXGroup;
			children = (
				304984D02B346E0B00188A9A /* usecases */,
				304984CF2B346E0300188A9A /* repository */,
				304984CE2B346DF100188A9A /* model */,
			);
			path = recipe;
			sourceTree = "<group>";
		};
		304984CE2B346DF100188A9A /* model */ = {
			isa = PBXGroup;
			children = (
				304984D12B3471C900188A9A /* Recipe.swift */,
				304984D32B3471F300188A9A /* RecipeDetail.swift */,
				304984D52B34720700188A9A /* Ingredient.swift */,
				304984D72B34721400188A9A /* Macronutrient.swift */,
				304984D92B34723300188A9A /* Location.swift */,
			);
			path = model;
			sourceTree = "<group>";
		};
		304984CF2B346E0300188A9A /* repository */ = {
			isa = PBXGroup;
			children = (
				304984DE2B34736600188A9A /* RecipeRepository.swift */,
			);
			path = repository;
			sourceTree = "<group>";
		};
		304984D02B346E0B00188A9A /* usecases */ = {
			isa = PBXGroup;
			children = (
			);
			path = usecases;
			sourceTree = "<group>";
		};
		304984DB2B34730100188A9A /* country */ = {
			isa = PBXGroup;
			children = (
				304984DC2B34730C00188A9A /* Country.swift */,
			);
			path = country;
			sourceTree = "<group>";
		};
		6673705C3834B02475915E01 /* Frameworks */ = {
			isa = PBXGroup;
			children = (
				83393F027E276D39B204814D /* Pods_domain.framework */,
				9A44380EC6805C03B6710BA0 /* Pods_domain_domainTests.framework */,
				9B9BAF640741819551320DDF /* Pods_infraestructure.framework */,
				AC68243C6DA325DEB80B1DA7 /* Pods_infraestructure_infraestructureTests.framework */,
				97249128124E7437A625F22D /* Pods_recetasIOS.framework */,
				D2173F25856497BD8B37865A /* Pods_recetasIOS_recetasIOSUITests.framework */,
				766CA463C63B4157C4A102BD /* Pods_recetasIOSTests.framework */,
			);
			name = Frameworks;
			sourceTree = "<group>";
		};
		CA5FCF139042D07CC2510477 /* Pods */ = {
			isa = PBXGroup;
			children = (
				AEB6A01023508EA5C5EFFD59 /* Pods-domain.debug.xcconfig */,
				F29D993D407C50A2ACBACCF8 /* Pods-domain.release.xcconfig */,
				2AB5257CCFBD48991738BB97 /* Pods-domain-domainTests.debug.xcconfig */,
				C22CA68D5FFAAF2D960E5610 /* Pods-domain-domainTests.release.xcconfig */,
				7EA91C1CCB1214A533E1B1FA /* Pods-infraestructure.debug.xcconfig */,
				A9E82F31EADBA96E034B466E /* Pods-infraestructure.release.xcconfig */,
				9784863361C8B9FA5E04994C /* Pods-infraestructure-infraestructureTests.debug.xcconfig */,
				6D6F3CD9E39D738EC369E7ED /* Pods-infraestructure-infraestructureTests.release.xcconfig */,
				29EA95D9B8D63F82923EA013 /* Pods-recetasIOS.debug.xcconfig */,
				74DF3B10D1BDAF4BADECAA56 /* Pods-recetasIOS.release.xcconfig */,
				D3402699ED5D2F5DA9A818D9 /* Pods-recetasIOS-recetasIOSUITests.debug.xcconfig */,
				117909AE9915F1DD21E3DEEF /* Pods-recetasIOS-recetasIOSUITests.release.xcconfig */,
				8C855F53BE46AF6621A2705C /* Pods-recetasIOSTests.debug.xcconfig */,
				E4899E4D0BA0D2B5F859CE22 /* Pods-recetasIOSTests.release.xcconfig */,
			);
			path = Pods;
			sourceTree = "<group>";
		};
/* End PBXGroup section */

/* Begin PBXHeadersBuildPhase section */
		304984822B346CEB00188A9A /* Headers */ = {
			isa = PBXHeadersBuildPhase;
			buildActionMask = 2147483647;
			files = (
				304984992B346CEB00188A9A /* infraestructure.h in Headers */,
			);
			runOnlyForDeploymentPostprocessing = 0;
		};
		304984A52B346CF500188A9A /* Headers */ = {
			isa = PBXHeadersBuildPhase;
			buildActionMask = 2147483647;
			files = (
				304984BC2B346CF600188A9A /* domain.h in Headers */,
			);
			runOnlyForDeploymentPostprocessing = 0;
		};
/* End PBXHeadersBuildPhase section */

/* Begin PBXNativeTarget section */
		304984542B346CCD00188A9A /* recetasIOS */ = {
			isa = PBXNativeTarget;
			buildConfigurationList = 304984792B346CCE00188A9A /* Build configuration list for PBXNativeTarget "recetasIOS" */;
			buildPhases = (
				FBC1E6853BEE77121F09854D /* [CP] Check Pods Manifest.lock */,
				304984512B346CCD00188A9A /* Sources */,
				304984522B346CCD00188A9A /* Frameworks */,
				304984532B346CCD00188A9A /* Resources */,
				304984A12B346CEB00188A9A /* Embed Frameworks */,
			);
			buildRules = (
			);
			dependencies = (
				3049849B2B346CEB00188A9A /* PBXTargetDependency */,
				304984BE2B346CF600188A9A /* PBXTargetDependency */,
			);
			name = recetasIOS;
			productName = recetasIOS;
			productReference = 304984552B346CCD00188A9A /* recetasIOS.app */;
			productType = "com.apple.product-type.application";
		};
		304984642B346CCE00188A9A /* recetasIOSTests */ = {
			isa = PBXNativeTarget;
			buildConfigurationList = 3049847C2B346CCE00188A9A /* Build configuration list for PBXNativeTarget "recetasIOSTests" */;
			buildPhases = (
				C1F0CB8D979178D073B035ED /* [CP] Check Pods Manifest.lock */,
				304984612B346CCE00188A9A /* Sources */,
				304984622B346CCE00188A9A /* Frameworks */,
				304984632B346CCE00188A9A /* Resources */,
			);
			buildRules = (
			);
			dependencies = (
				304984672B346CCE00188A9A /* PBXTargetDependency */,
			);
			name = recetasIOSTests;
			productName = recetasIOSTests;
			productReference = 304984652B346CCE00188A9A /* recetasIOSTests.xctest */;
			productType = "com.apple.product-type.bundle.unit-test";
		};
		3049846E2B346CCE00188A9A /* recetasIOSUITests */ = {
			isa = PBXNativeTarget;
			buildConfigurationList = 3049847F2B346CCE00188A9A /* Build configuration list for PBXNativeTarget "recetasIOSUITests" */;
			buildPhases = (
				954BD485A6AA9053D99539EB /* [CP] Check Pods Manifest.lock */,
				3049846B2B346CCE00188A9A /* Sources */,
				3049846C2B346CCE00188A9A /* Frameworks */,
				3049846D2B346CCE00188A9A /* Resources */,
			);
			buildRules = (
			);
			dependencies = (
				304984712B346CCE00188A9A /* PBXTargetDependency */,
			);
			name = recetasIOSUITests;
			productName = recetasIOSUITests;
			productReference = 3049846F2B346CCE00188A9A /* recetasIOSUITests.xctest */;
			productType = "com.apple.product-type.bundle.ui-testing";
		};
		304984862B346CEB00188A9A /* infraestructure */ = {
			isa = PBXNativeTarget;
			buildConfigurationList = 3049849E2B346CEB00188A9A /* Build configuration list for PBXNativeTarget "infraestructure" */;
			buildPhases = (
				CD4140C1365B118313E86874 /* [CP] Check Pods Manifest.lock */,
				304984822B346CEB00188A9A /* Headers */,
				304984832B346CEB00188A9A /* Sources */,
				304984842B346CEB00188A9A /* Frameworks */,
				304984852B346CEB00188A9A /* Resources */,
			);
			buildRules = (
			);
			dependencies = (
			);
			name = infraestructure;
			productName = infraestructure;
			productReference = 304984872B346CEB00188A9A /* infraestructure.framework */;
			productType = "com.apple.product-type.framework";
		};
		3049848F2B346CEB00188A9A /* infraestructureTests */ = {
			isa = PBXNativeTarget;
			buildConfigurationList = 304984A22B346CEB00188A9A /* Build configuration list for PBXNativeTarget "infraestructureTests" */;
			buildPhases = (
				D859DEBFD17EACF53FE91DCF /* [CP] Check Pods Manifest.lock */,
				3049848C2B346CEB00188A9A /* Sources */,
				3049848D2B346CEB00188A9A /* Frameworks */,
				3049848E2B346CEB00188A9A /* Resources */,
			);
			buildRules = (
			);
			dependencies = (
				304984932B346CEB00188A9A /* PBXTargetDependency */,
				304984952B346CEB00188A9A /* PBXTargetDependency */,
			);
			name = infraestructureTests;
			productName = infraestructureTests;
			productReference = 304984902B346CEB00188A9A /* infraestructureTests.xctest */;
			productType = "com.apple.product-type.bundle.unit-test";
		};
		304984A92B346CF500188A9A /* domain */ = {
			isa = PBXNativeTarget;
			buildConfigurationList = 304984C12B346CF600188A9A /* Build configuration list for PBXNativeTarget "domain" */;
			buildPhases = (
				E592C8C94F04E17BA521411D /* [CP] Check Pods Manifest.lock */,
				304984A52B346CF500188A9A /* Headers */,
				304984A62B346CF500188A9A /* Sources */,
				304984A72B346CF500188A9A /* Frameworks */,
				304984A82B346CF500188A9A /* Resources */,
			);
			buildRules = (
			);
			dependencies = (
			);
			name = domain;
			productName = domain;
			productReference = 304984AA2B346CF500188A9A /* domain.framework */;
			productType = "com.apple.product-type.framework";
		};
		304984B22B346CF600188A9A /* domainTests */ = {
			isa = PBXNativeTarget;
			buildConfigurationList = 304984C42B346CF600188A9A /* Build configuration list for PBXNativeTarget "domainTests" */;
			buildPhases = (
				D7A2E680F6512269CEDF5112 /* [CP] Check Pods Manifest.lock */,
				304984AF2B346CF600188A9A /* Sources */,
				304984B02B346CF600188A9A /* Frameworks */,
				304984B12B346CF600188A9A /* Resources */,
			);
			buildRules = (
			);
			dependencies = (
				304984B62B346CF600188A9A /* PBXTargetDependency */,
				304984B82B346CF600188A9A /* PBXTargetDependency */,
			);
			name = domainTests;
			productName = domainTests;
			productReference = 304984B32B346CF600188A9A /* domainTests.xctest */;
			productType = "com.apple.product-type.bundle.unit-test";
		};
/* End PBXNativeTarget section */

/* Begin PBXProject section */
		3049844D2B346CCD00188A9A /* Project object */ = {
			isa = PBXProject;
			attributes = {
				BuildIndependentTargetsInParallel = 1;
				LastSwiftUpdateCheck = 1430;
				LastUpgradeCheck = 1430;
				TargetAttributes = {
					304984542B346CCD00188A9A = {
						CreatedOnToolsVersion = 14.3.1;
					};
					304984642B346CCE00188A9A = {
						CreatedOnToolsVersion = 14.3.1;
						TestTargetID = 304984542B346CCD00188A9A;
					};
					3049846E2B346CCE00188A9A = {
						CreatedOnToolsVersion = 14.3.1;
						TestTargetID = 304984542B346CCD00188A9A;
					};
					304984862B346CEB00188A9A = {
						CreatedOnToolsVersion = 14.3.1;
					};
					3049848F2B346CEB00188A9A = {
						CreatedOnToolsVersion = 14.3.1;
						TestTargetID = 304984542B346CCD00188A9A;
					};
					304984A92B346CF500188A9A = {
						CreatedOnToolsVersion = 14.3.1;
						LastSwiftMigration = 1430;
					};
					304984B22B346CF600188A9A = {
						CreatedOnToolsVersion = 14.3.1;
						TestTargetID = 304984542B346CCD00188A9A;
					};
				};
			};
			buildConfigurationList = 304984502B346CCD00188A9A /* Build configuration list for PBXProject "recetasIOS" */;
			compatibilityVersion = "Xcode 14.0";
			developmentRegion = en;
			hasScannedForEncodings = 0;
			knownRegions = (
				en,
				Base,
			);
			mainGroup = 3049844C2B346CCD00188A9A;
			productRefGroup = 304984562B346CCD00188A9A /* Products */;
			projectDirPath = "";
			projectRoot = "";
			targets = (
				304984542B346CCD00188A9A /* recetasIOS */,
				304984642B346CCE00188A9A /* recetasIOSTests */,
				3049846E2B346CCE00188A9A /* recetasIOSUITests */,
				304984862B346CEB00188A9A /* infraestructure */,
				3049848F2B346CEB00188A9A /* infraestructureTests */,
				304984A92B346CF500188A9A /* domain */,
				304984B22B346CF600188A9A /* domainTests */,
			);
		};
/* End PBXProject section */

/* Begin PBXResourcesBuildPhase section */
		304984532B346CCD00188A9A /* Resources */ = {
			isa = PBXResourcesBuildPhase;
			buildActionMask = 2147483647;
			files = (
				304984602B346CCE00188A9A /* Preview Assets.xcassets in Resources */,
				3049845D2B346CCE00188A9A /* Assets.xcassets in Resources */,
			);
			runOnlyForDeploymentPostprocessing = 0;
		};
		304984632B346CCE00188A9A /* Resources */ = {
			isa = PBXResourcesBuildPhase;
			buildActionMask = 2147483647;
			files = (
			);
			runOnlyForDeploymentPostprocessing = 0;
		};
		3049846D2B346CCE00188A9A /* Resources */ = {
			isa = PBXResourcesBuildPhase;
			buildActionMask = 2147483647;
			files = (
			);
			runOnlyForDeploymentPostprocessing = 0;
		};
		304984852B346CEB00188A9A /* Resources */ = {
			isa = PBXResourcesBuildPhase;
			buildActionMask = 2147483647;
			files = (
			);
			runOnlyForDeploymentPostprocessing = 0;
		};
		3049848E2B346CEB00188A9A /* Resources */ = {
			isa = PBXResourcesBuildPhase;
			buildActionMask = 2147483647;
			files = (
			);
			runOnlyForDeploymentPostprocessing = 0;
		};
		304984A82B346CF500188A9A /* Resources */ = {
			isa = PBXResourcesBuildPhase;
			buildActionMask = 2147483647;
			files = (
			);
			runOnlyForDeploymentPostprocessing = 0;
		};
		304984B12B346CF600188A9A /* Resources */ = {
			isa = PBXResourcesBuildPhase;
			buildActionMask = 2147483647;
			files = (
			);
			runOnlyForDeploymentPostprocessing = 0;
		};
/* End PBXResourcesBuildPhase section */

/* Begin PBXShellScriptBuildPhase section */
		954BD485A6AA9053D99539EB /* [CP] Check Pods Manifest.lock */ = {
			isa = PBXShellScriptBuildPhase;
			buildActionMask = 2147483647;
			files = (
			);
			inputFileListPaths = (
			);
			inputPaths = (
				"${PODS_PODFILE_DIR_PATH}/Podfile.lock",
				"${PODS_ROOT}/Manifest.lock",
			);
			name = "[CP] Check Pods Manifest.lock";
			outputFileListPaths = (
			);
			outputPaths = (
				"$(DERIVED_FILE_DIR)/Pods-recetasIOS-recetasIOSUITests-checkManifestLockResult.txt",
			);
			runOnlyForDeploymentPostprocessing = 0;
			shellPath = /bin/sh;
			shellScript = "diff \"${PODS_PODFILE_DIR_PATH}/Podfile.lock\" \"${PODS_ROOT}/Manifest.lock\" > /dev/null\nif [ $? != 0 ] ; then\n    # print error to STDERR\n    echo \"error: The sandbox is not in sync with the Podfile.lock. Run 'pod install' or update your CocoaPods installation.\" >&2\n    exit 1\nfi\n# This output is used by Xcode 'outputs' to avoid re-running this script phase.\necho \"SUCCESS\" > \"${SCRIPT_OUTPUT_FILE_0}\"\n";
			showEnvVarsInLog = 0;
		};
		C1F0CB8D979178D073B035ED /* [CP] Check Pods Manifest.lock */ = {
			isa = PBXShellScriptBuildPhase;
			buildActionMask = 2147483647;
			files = (
			);
			inputFileListPaths = (
			);
			inputPaths = (
				"${PODS_PODFILE_DIR_PATH}/Podfile.lock",
				"${PODS_ROOT}/Manifest.lock",
			);
			name = "[CP] Check Pods Manifest.lock";
			outputFileListPaths = (
			);
			outputPaths = (
				"$(DERIVED_FILE_DIR)/Pods-recetasIOSTests-checkManifestLockResult.txt",
			);
			runOnlyForDeploymentPostprocessing = 0;
			shellPath = /bin/sh;
			shellScript = "diff \"${PODS_PODFILE_DIR_PATH}/Podfile.lock\" \"${PODS_ROOT}/Manifest.lock\" > /dev/null\nif [ $? != 0 ] ; then\n    # print error to STDERR\n    echo \"error: The sandbox is not in sync with the Podfile.lock. Run 'pod install' or update your CocoaPods installation.\" >&2\n    exit 1\nfi\n# This output is used by Xcode 'outputs' to avoid re-running this script phase.\necho \"SUCCESS\" > \"${SCRIPT_OUTPUT_FILE_0}\"\n";
			showEnvVarsInLog = 0;
		};
		CD4140C1365B118313E86874 /* [CP] Check Pods Manifest.lock */ = {
			isa = PBXShellScriptBuildPhase;
			buildActionMask = 2147483647;
			files = (
			);
			inputFileListPaths = (
			);
			inputPaths = (
				"${PODS_PODFILE_DIR_PATH}/Podfile.lock",
				"${PODS_ROOT}/Manifest.lock",
			);
			name = "[CP] Check Pods Manifest.lock";
			outputFileListPaths = (
			);
			outputPaths = (
				"$(DERIVED_FILE_DIR)/Pods-infraestructure-checkManifestLockResult.txt",
			);
			runOnlyForDeploymentPostprocessing = 0;
			shellPath = /bin/sh;
			shellScript = "diff \"${PODS_PODFILE_DIR_PATH}/Podfile.lock\" \"${PODS_ROOT}/Manifest.lock\" > /dev/null\nif [ $? != 0 ] ; then\n    # print error to STDERR\n    echo \"error: The sandbox is not in sync with the Podfile.lock. Run 'pod install' or update your CocoaPods installation.\" >&2\n    exit 1\nfi\n# This output is used by Xcode 'outputs' to avoid re-running this script phase.\necho \"SUCCESS\" > \"${SCRIPT_OUTPUT_FILE_0}\"\n";
			showEnvVarsInLog = 0;
		};
		D7A2E680F6512269CEDF5112 /* [CP] Check Pods Manifest.lock */ = {
			isa = PBXShellScriptBuildPhase;
			buildActionMask = 2147483647;
			files = (
			);
			inputFileListPaths = (
			);
			inputPaths = (
				"${PODS_PODFILE_DIR_PATH}/Podfile.lock",
				"${PODS_ROOT}/Manifest.lock",
			);
			name = "[CP] Check Pods Manifest.lock";
			outputFileListPaths = (
			);
			outputPaths = (
				"$(DERIVED_FILE_DIR)/Pods-domain-domainTests-checkManifestLockResult.txt",
			);
			runOnlyForDeploymentPostprocessing = 0;
			shellPath = /bin/sh;
			shellScript = "diff \"${PODS_PODFILE_DIR_PATH}/Podfile.lock\" \"${PODS_ROOT}/Manifest.lock\" > /dev/null\nif [ $? != 0 ] ; then\n    # print error to STDERR\n    echo \"error: The sandbox is not in sync with the Podfile.lock. Run 'pod install' or update your CocoaPods installation.\" >&2\n    exit 1\nfi\n# This output is used by Xcode 'outputs' to avoid re-running this script phase.\necho \"SUCCESS\" > \"${SCRIPT_OUTPUT_FILE_0}\"\n";
			showEnvVarsInLog = 0;
		};
		D859DEBFD17EACF53FE91DCF /* [CP] Check Pods Manifest.lock */ = {
			isa = PBXShellScriptBuildPhase;
			buildActionMask = 2147483647;
			files = (
			);
			inputFileListPaths = (
			);
			inputPaths = (
				"${PODS_PODFILE_DIR_PATH}/Podfile.lock",
				"${PODS_ROOT}/Manifest.lock",
			);
			name = "[CP] Check Pods Manifest.lock";
			outputFileListPaths = (
			);
			outputPaths = (
				"$(DERIVED_FILE_DIR)/Pods-infraestructure-infraestructureTests-checkManifestLockResult.txt",
			);
			runOnlyForDeploymentPostprocessing = 0;
			shellPath = /bin/sh;
			shellScript = "diff \"${PODS_PODFILE_DIR_PATH}/Podfile.lock\" \"${PODS_ROOT}/Manifest.lock\" > /dev/null\nif [ $? != 0 ] ; then\n    # print error to STDERR\n    echo \"error: The sandbox is not in sync with the Podfile.lock. Run 'pod install' or update your CocoaPods installation.\" >&2\n    exit 1\nfi\n# This output is used by Xcode 'outputs' to avoid re-running this script phase.\necho \"SUCCESS\" > \"${SCRIPT_OUTPUT_FILE_0}\"\n";
			showEnvVarsInLog = 0;
		};
		E592C8C94F04E17BA521411D /* [CP] Check Pods Manifest.lock */ = {
			isa = PBXShellScriptBuildPhase;
			buildActionMask = 2147483647;
			files = (
			);
			inputFileListPaths = (
			);
			inputPaths = (
				"${PODS_PODFILE_DIR_PATH}/Podfile.lock",
				"${PODS_ROOT}/Manifest.lock",
			);
			name = "[CP] Check Pods Manifest.lock";
			outputFileListPaths = (
			);
			outputPaths = (
				"$(DERIVED_FILE_DIR)/Pods-domain-checkManifestLockResult.txt",
			);
			runOnlyForDeploymentPostprocessing = 0;
			shellPath = /bin/sh;
			shellScript = "diff \"${PODS_PODFILE_DIR_PATH}/Podfile.lock\" \"${PODS_ROOT}/Manifest.lock\" > /dev/null\nif [ $? != 0 ] ; then\n    # print error to STDERR\n    echo \"error: The sandbox is not in sync with the Podfile.lock. Run 'pod install' or update your CocoaPods installation.\" >&2\n    exit 1\nfi\n# This output is used by Xcode 'outputs' to avoid re-running this script phase.\necho \"SUCCESS\" > \"${SCRIPT_OUTPUT_FILE_0}\"\n";
			showEnvVarsInLog = 0;
		};
		FBC1E6853BEE77121F09854D /* [CP] Check Pods Manifest.lock */ = {
			isa = PBXShellScriptBuildPhase;
			buildActionMask = 2147483647;
			files = (
			);
			inputFileListPaths = (
			);
			inputPaths = (
				"${PODS_PODFILE_DIR_PATH}/Podfile.lock",
				"${PODS_ROOT}/Manifest.lock",
			);
			name = "[CP] Check Pods Manifest.lock";
			outputFileListPaths = (
			);
			outputPaths = (
				"$(DERIVED_FILE_DIR)/Pods-recetasIOS-checkManifestLockResult.txt",
			);
			runOnlyForDeploymentPostprocessing = 0;
			shellPath = /bin/sh;
			shellScript = "diff \"${PODS_PODFILE_DIR_PATH}/Podfile.lock\" \"${PODS_ROOT}/Manifest.lock\" > /dev/null\nif [ $? != 0 ] ; then\n    # print error to STDERR\n    echo \"error: The sandbox is not in sync with the Podfile.lock. Run 'pod install' or update your CocoaPods installation.\" >&2\n    exit 1\nfi\n# This output is used by Xcode 'outputs' to avoid re-running this script phase.\necho \"SUCCESS\" > \"${SCRIPT_OUTPUT_FILE_0}\"\n";
			showEnvVarsInLog = 0;
		};
/* End PBXShellScriptBuildPhase section */

/* Begin PBXSourcesBuildPhase section */
		304984512B346CCD00188A9A /* Sources */ = {
			isa = PBXSourcesBuildPhase;
			buildActionMask = 2147483647;
			files = (
				3049845B2B346CCD00188A9A /* ContentView.swift in Sources */,
				304984592B346CCD00188A9A /* recetasIOSApp.swift in Sources */,
			);
			runOnlyForDeploymentPostprocessing = 0;
		};
		304984612B346CCE00188A9A /* Sources */ = {
			isa = PBXSourcesBuildPhase;
			buildActionMask = 2147483647;
			files = (
				3049846A2B346CCE00188A9A /* recetasIOSTests.swift in Sources */,
			);
			runOnlyForDeploymentPostprocessing = 0;
		};
		3049846B2B346CCE00188A9A /* Sources */ = {
			isa = PBXSourcesBuildPhase;
			buildActionMask = 2147483647;
			files = (
				304984762B346CCE00188A9A /* recetasIOSUITestsLaunchTests.swift in Sources */,
				304984742B346CCE00188A9A /* recetasIOSUITests.swift in Sources */,
			);
			runOnlyForDeploymentPostprocessing = 0;
		};
		304984832B346CEB00188A9A /* Sources */ = {
			isa = PBXSourcesBuildPhase;
			buildActionMask = 2147483647;
			files = (
			);
			runOnlyForDeploymentPostprocessing = 0;
		};
		3049848C2B346CEB00188A9A /* Sources */ = {
			isa = PBXSourcesBuildPhase;
			buildActionMask = 2147483647;
			files = (
				304984982B346CEB00188A9A /* infraestructureTests.swift in Sources */,
			);
			runOnlyForDeploymentPostprocessing = 0;
		};
		304984A62B346CF500188A9A /* Sources */ = {
			isa = PBXSourcesBuildPhase;
			buildActionMask = 2147483647;
			files = (
				304984D42B3471F300188A9A /* RecipeDetail.swift in Sources */,
				304984D82B34721400188A9A /* Macronutrient.swift in Sources */,
				304984DA2B34723300188A9A /* Location.swift in Sources */,
				304984DF2B34736600188A9A /* RecipeRepository.swift in Sources */,
				304984D22B3471C900188A9A /* Recipe.swift in Sources */,
				304984DD2B34730C00188A9A /* Country.swift in Sources */,
				304984D62B34720700188A9A /* Ingredient.swift in Sources */,
			);
			runOnlyForDeploymentPostprocessing = 0;
		};
		304984AF2B346CF600188A9A /* Sources */ = {
			isa = PBXSourcesBuildPhase;
			buildActionMask = 2147483647;
			files = (
				304984BB2B346CF600188A9A /* domainTests.swift in Sources */,
			);
			runOnlyForDeploymentPostprocessing = 0;
		};
/* End PBXSourcesBuildPhase section */

/* Begin PBXTargetDependency section */
		304984672B346CCE00188A9A /* PBXTargetDependency */ = {
			isa = PBXTargetDependency;
			target = 304984542B346CCD00188A9A /* recetasIOS */;
			targetProxy = 304984662B346CCE00188A9A /* PBXContainerItemProxy */;
		};
		304984712B346CCE00188A9A /* PBXTargetDependency */ = {
			isa = PBXTargetDependency;
			target = 304984542B346CCD00188A9A /* recetasIOS */;
			targetProxy = 304984702B346CCE00188A9A /* PBXContainerItemProxy */;
		};
		304984932B346CEB00188A9A /* PBXTargetDependency */ = {
			isa = PBXTargetDependency;
			target = 304984862B346CEB00188A9A /* infraestructure */;
			targetProxy = 304984922B346CEB00188A9A /* PBXContainerItemProxy */;
		};
		304984952B346CEB00188A9A /* PBXTargetDependency */ = {
			isa = PBXTargetDependency;
			target = 304984542B346CCD00188A9A /* recetasIOS */;
			targetProxy = 304984942B346CEB00188A9A /* PBXContainerItemProxy */;
		};
		3049849B2B346CEB00188A9A /* PBXTargetDependency */ = {
			isa = PBXTargetDependency;
			target = 304984862B346CEB00188A9A /* infraestructure */;
			targetProxy = 3049849A2B346CEB00188A9A /* PBXContainerItemProxy */;
		};
		304984B62B346CF600188A9A /* PBXTargetDependency */ = {
			isa = PBXTargetDependency;
			target = 304984A92B346CF500188A9A /* domain */;
			targetProxy = 304984B52B346CF600188A9A /* PBXContainerItemProxy */;
		};
		304984B82B346CF600188A9A /* PBXTargetDependency */ = {
			isa = PBXTargetDependency;
			target = 304984542B346CCD00188A9A /* recetasIOS */;
			targetProxy = 304984B72B346CF600188A9A /* PBXContainerItemProxy */;
		};
		304984BE2B346CF600188A9A /* PBXTargetDependency */ = {
			isa = PBXTargetDependency;
			target = 304984A92B346CF500188A9A /* domain */;
			targetProxy = 304984BD2B346CF600188A9A /* PBXContainerItemProxy */;
		};
/* End PBXTargetDependency section */

/* Begin XCBuildConfiguration section */
		304984772B346CCE00188A9A /* Debug */ = {
			isa = XCBuildConfiguration;
			buildSettings = {
				ALWAYS_SEARCH_USER_PATHS = NO;
				CLANG_ANALYZER_NONNULL = YES;
				CLANG_ANALYZER_NUMBER_OBJECT_CONVERSION = YES_AGGRESSIVE;
				CLANG_CXX_LANGUAGE_STANDARD = "gnu++20";
				CLANG_ENABLE_MODULES = YES;
				CLANG_ENABLE_OBJC_ARC = YES;
				CLANG_ENABLE_OBJC_WEAK = YES;
				CLANG_WARN_BLOCK_CAPTURE_AUTORELEASING = YES;
				CLANG_WARN_BOOL_CONVERSION = YES;
				CLANG_WARN_COMMA = YES;
				CLANG_WARN_CONSTANT_CONVERSION = YES;
				CLANG_WARN_DEPRECATED_OBJC_IMPLEMENTATIONS = YES;
				CLANG_WARN_DIRECT_OBJC_ISA_USAGE = YES_ERROR;
				CLANG_WARN_DOCUMENTATION_COMMENTS = YES;
				CLANG_WARN_EMPTY_BODY = YES;
				CLANG_WARN_ENUM_CONVERSION = YES;
				CLANG_WARN_INFINITE_RECURSION = YES;
				CLANG_WARN_INT_CONVERSION = YES;
				CLANG_WARN_NON_LITERAL_NULL_CONVERSION = YES;
				CLANG_WARN_OBJC_IMPLICIT_RETAIN_SELF = YES;
				CLANG_WARN_OBJC_LITERAL_CONVERSION = YES;
				CLANG_WARN_OBJC_ROOT_CLASS = YES_ERROR;
				CLANG_WARN_QUOTED_INCLUDE_IN_FRAMEWORK_HEADER = YES;
				CLANG_WARN_RANGE_LOOP_ANALYSIS = YES;
				CLANG_WARN_STRICT_PROTOTYPES = YES;
				CLANG_WARN_SUSPICIOUS_MOVE = YES;
				CLANG_WARN_UNGUARDED_AVAILABILITY = YES_AGGRESSIVE;
				CLANG_WARN_UNREACHABLE_CODE = YES;
				CLANG_WARN__DUPLICATE_METHOD_MATCH = YES;
				COPY_PHASE_STRIP = NO;
				DEBUG_INFORMATION_FORMAT = dwarf;
				ENABLE_STRICT_OBJC_MSGSEND = YES;
				ENABLE_TESTABILITY = YES;
				GCC_C_LANGUAGE_STANDARD = gnu11;
				GCC_DYNAMIC_NO_PIC = NO;
				GCC_NO_COMMON_BLOCKS = YES;
				GCC_OPTIMIZATION_LEVEL = 0;
				GCC_PREPROCESSOR_DEFINITIONS = (
					"DEBUG=1",
					"$(inherited)",
				);
				GCC_WARN_64_TO_32_BIT_CONVERSION = YES;
				GCC_WARN_ABOUT_RETURN_TYPE = YES_ERROR;
				GCC_WARN_UNDECLARED_SELECTOR = YES;
				GCC_WARN_UNINITIALIZED_AUTOS = YES_AGGRESSIVE;
				GCC_WARN_UNUSED_FUNCTION = YES;
				GCC_WARN_UNUSED_VARIABLE = YES;
				IPHONEOS_DEPLOYMENT_TARGET = 16.4;
				MTL_ENABLE_DEBUG_INFO = INCLUDE_SOURCE;
				MTL_FAST_MATH = YES;
				ONLY_ACTIVE_ARCH = YES;
				SDKROOT = iphoneos;
				SWIFT_ACTIVE_COMPILATION_CONDITIONS = DEBUG;
				SWIFT_OPTIMIZATION_LEVEL = "-Onone";
			};
			name = Debug;
		};
		304984782B346CCE00188A9A /* Release */ = {
			isa = XCBuildConfiguration;
			buildSettings = {
				ALWAYS_SEARCH_USER_PATHS = NO;
				CLANG_ANALYZER_NONNULL = YES;
				CLANG_ANALYZER_NUMBER_OBJECT_CONVERSION = YES_AGGRESSIVE;
				CLANG_CXX_LANGUAGE_STANDARD = "gnu++20";
				CLANG_ENABLE_MODULES = YES;
				CLANG_ENABLE_OBJC_ARC = YES;
				CLANG_ENABLE_OBJC_WEAK = YES;
				CLANG_WARN_BLOCK_CAPTURE_AUTORELEASING = YES;
				CLANG_WARN_BOOL_CONVERSION = YES;
				CLANG_WARN_COMMA = YES;
				CLANG_WARN_CONSTANT_CONVERSION = YES;
				CLANG_WARN_DEPRECATED_OBJC_IMPLEMENTATIONS = YES;
				CLANG_WARN_DIRECT_OBJC_ISA_USAGE = YES_ERROR;
				CLANG_WARN_DOCUMENTATION_COMMENTS = YES;
				CLANG_WARN_EMPTY_BODY = YES;
				CLANG_WARN_ENUM_CONVERSION = YES;
				CLANG_WARN_INFINITE_RECURSION = YES;
				CLANG_WARN_INT_CONVERSION = YES;
				CLANG_WARN_NON_LITERAL_NULL_CONVERSION = YES;
				CLANG_WARN_OBJC_IMPLICIT_RETAIN_SELF = YES;
				CLANG_WARN_OBJC_LITERAL_CONVERSION = YES;
				CLANG_WARN_OBJC_ROOT_CLASS = YES_ERROR;
				CLANG_WARN_QUOTED_INCLUDE_IN_FRAMEWORK_HEADER = YES;
				CLANG_WARN_RANGE_LOOP_ANALYSIS = YES;
				CLANG_WARN_STRICT_PROTOTYPES = YES;
				CLANG_WARN_SUSPICIOUS_MOVE = YES;
				CLANG_WARN_UNGUARDED_AVAILABILITY = YES_AGGRESSIVE;
				CLANG_WARN_UNREACHABLE_CODE = YES;
				CLANG_WARN__DUPLICATE_METHOD_MATCH = YES;
				COPY_PHASE_STRIP = NO;
				DEBUG_INFORMATION_FORMAT = "dwarf-with-dsym";
				ENABLE_NS_ASSERTIONS = NO;
				ENABLE_STRICT_OBJC_MSGSEND = YES;
				GCC_C_LANGUAGE_STANDARD = gnu11;
				GCC_NO_COMMON_BLOCKS = YES;
				GCC_WARN_64_TO_32_BIT_CONVERSION = YES;
				GCC_WARN_ABOUT_RETURN_TYPE = YES_ERROR;
				GCC_WARN_UNDECLARED_SELECTOR = YES;
				GCC_WARN_UNINITIALIZED_AUTOS = YES_AGGRESSIVE;
				GCC_WARN_UNUSED_FUNCTION = YES;
				GCC_WARN_UNUSED_VARIABLE = YES;
				IPHONEOS_DEPLOYMENT_TARGET = 16.4;
				MTL_ENABLE_DEBUG_INFO = NO;
				MTL_FAST_MATH = YES;
				SDKROOT = iphoneos;
				SWIFT_COMPILATION_MODE = wholemodule;
				SWIFT_OPTIMIZATION_LEVEL = "-O";
				VALIDATE_PRODUCT = YES;
			};
			name = Release;
		};
		3049847A2B346CCE00188A9A /* Debug */ = {
			isa = XCBuildConfiguration;
			baseConfigurationReference = 29EA95D9B8D63F82923EA013 /* Pods-recetasIOS.debug.xcconfig */;
			buildSettings = {
				ALWAYS_EMBED_SWIFT_STANDARD_LIBRARIES = YES;
				ASSETCATALOG_COMPILER_APPICON_NAME = AppIcon;
				ASSETCATALOG_COMPILER_GLOBAL_ACCENT_COLOR_NAME = AccentColor;
				CODE_SIGN_STYLE = Automatic;
				CURRENT_PROJECT_VERSION = 1;
				DEVELOPMENT_ASSET_PATHS = "\"recetasIOS/Preview Content\"";
				ENABLE_PREVIEWS = YES;
				GENERATE_INFOPLIST_FILE = YES;
				INFOPLIST_KEY_UIApplicationSceneManifest_Generation = YES;
				INFOPLIST_KEY_UIApplicationSupportsIndirectInputEvents = YES;
				INFOPLIST_KEY_UILaunchScreen_Generation = YES;
				INFOPLIST_KEY_UISupportedInterfaceOrientations_iPad = "UIInterfaceOrientationPortrait UIInterfaceOrientationPortraitUpsideDown UIInterfaceOrientationLandscapeLeft UIInterfaceOrientationLandscapeRight";
				INFOPLIST_KEY_UISupportedInterfaceOrientations_iPhone = "UIInterfaceOrientationPortrait UIInterfaceOrientationLandscapeLeft UIInterfaceOrientationLandscapeRight";
				LD_RUNPATH_SEARCH_PATHS = (
					"$(inherited)",
					"@executable_path/Frameworks",
				);
				MARKETING_VERSION = 1.0;
				PRODUCT_BUNDLE_IDENTIFIER = com.mona15.recetas.recetasIOS;
				PRODUCT_NAME = "$(TARGET_NAME)";
				SWIFT_EMIT_LOC_STRINGS = YES;
				SWIFT_VERSION = 5.0;
				TARGETED_DEVICE_FAMILY = "1,2";
			};
			name = Debug;
		};
		3049847B2B346CCE00188A9A /* Release */ = {
			isa = XCBuildConfiguration;
			baseConfigurationReference = 74DF3B10D1BDAF4BADECAA56 /* Pods-recetasIOS.release.xcconfig */;
			buildSettings = {
				ALWAYS_EMBED_SWIFT_STANDARD_LIBRARIES = YES;
				ASSETCATALOG_COMPILER_APPICON_NAME = AppIcon;
				ASSETCATALOG_COMPILER_GLOBAL_ACCENT_COLOR_NAME = AccentColor;
				CODE_SIGN_STYLE = Automatic;
				CURRENT_PROJECT_VERSION = 1;
				DEVELOPMENT_ASSET_PATHS = "\"recetasIOS/Preview Content\"";
				ENABLE_PREVIEWS = YES;
				GENERATE_INFOPLIST_FILE = YES;
				INFOPLIST_KEY_UIApplicationSceneManifest_Generation = YES;
				INFOPLIST_KEY_UIApplicationSupportsIndirectInputEvents = YES;
				INFOPLIST_KEY_UILaunchScreen_Generation = YES;
				INFOPLIST_KEY_UISupportedInterfaceOrientations_iPad = "UIInterfaceOrientationPortrait UIInterfaceOrientationPortraitUpsideDown UIInterfaceOrientationLandscapeLeft UIInterfaceOrientationLandscapeRight";
				INFOPLIST_KEY_UISupportedInterfaceOrientations_iPhone = "UIInterfaceOrientationPortrait UIInterfaceOrientationLandscapeLeft UIInterfaceOrientationLandscapeRight";
				LD_RUNPATH_SEARCH_PATHS = (
					"$(inherited)",
					"@executable_path/Frameworks",
				);
				MARKETING_VERSION = 1.0;
				PRODUCT_BUNDLE_IDENTIFIER = com.mona15.recetas.recetasIOS;
				PRODUCT_NAME = "$(TARGET_NAME)";
				SWIFT_EMIT_LOC_STRINGS = YES;
				SWIFT_VERSION = 5.0;
				TARGETED_DEVICE_FAMILY = "1,2";
			};
			name = Release;
		};
		3049847D2B346CCE00188A9A /* Debug */ = {
			isa = XCBuildConfiguration;
			baseConfigurationReference = 8C855F53BE46AF6621A2705C /* Pods-recetasIOSTests.debug.xcconfig */;
			buildSettings = {
				ALWAYS_EMBED_SWIFT_STANDARD_LIBRARIES = YES;
				BUNDLE_LOADER = "$(TEST_HOST)";
				CODE_SIGN_STYLE = Automatic;
				CURRENT_PROJECT_VERSION = 1;
				GENERATE_INFOPLIST_FILE = YES;
				IPHONEOS_DEPLOYMENT_TARGET = 16.4;
				MARKETING_VERSION = 1.0;
				PRODUCT_BUNDLE_IDENTIFIER = com.mona15.recetas.recetasIOSTests;
				PRODUCT_NAME = "$(TARGET_NAME)";
				SWIFT_EMIT_LOC_STRINGS = NO;
				SWIFT_VERSION = 5.0;
				TARGETED_DEVICE_FAMILY = "1,2";
				TEST_HOST = "$(BUILT_PRODUCTS_DIR)/recetasIOS.app/$(BUNDLE_EXECUTABLE_FOLDER_PATH)/recetasIOS";
			};
			name = Debug;
		};
		3049847E2B346CCE00188A9A /* Release */ = {
			isa = XCBuildConfiguration;
			baseConfigurationReference = E4899E4D0BA0D2B5F859CE22 /* Pods-recetasIOSTests.release.xcconfig */;
			buildSettings = {
				ALWAYS_EMBED_SWIFT_STANDARD_LIBRARIES = YES;
				BUNDLE_LOADER = "$(TEST_HOST)";
				CODE_SIGN_STYLE = Automatic;
				CURRENT_PROJECT_VERSION = 1;
				GENERATE_INFOPLIST_FILE = YES;
				IPHONEOS_DEPLOYMENT_TARGET = 16.4;
				MARKETING_VERSION = 1.0;
				PRODUCT_BUNDLE_IDENTIFIER = com.mona15.recetas.recetasIOSTests;
				PRODUCT_NAME = "$(TARGET_NAME)";
				SWIFT_EMIT_LOC_STRINGS = NO;
				SWIFT_VERSION = 5.0;
				TARGETED_DEVICE_FAMILY = "1,2";
				TEST_HOST = "$(BUILT_PRODUCTS_DIR)/recetasIOS.app/$(BUNDLE_EXECUTABLE_FOLDER_PATH)/recetasIOS";
			};
			name = Release;
		};
		304984802B346CCE00188A9A /* Debug */ = {
			isa = XCBuildConfiguration;
			baseConfigurationReference = D3402699ED5D2F5DA9A818D9 /* Pods-recetasIOS-recetasIOSUITests.debug.xcconfig */;
			buildSettings = {
				ALWAYS_EMBED_SWIFT_STANDARD_LIBRARIES = YES;
				CODE_SIGN_STYLE = Automatic;
				CURRENT_PROJECT_VERSION = 1;
				GENERATE_INFOPLIST_FILE = YES;
				MARKETING_VERSION = 1.0;
				PRODUCT_BUNDLE_IDENTIFIER = com.mona15.recetas.recetasIOSUITests;
				PRODUCT_NAME = "$(TARGET_NAME)";
				SWIFT_EMIT_LOC_STRINGS = NO;
				SWIFT_VERSION = 5.0;
				TARGETED_DEVICE_FAMILY = "1,2";
				TEST_TARGET_NAME = recetasIOS;
			};
			name = Debug;
		};
		304984812B346CCE00188A9A /* Release */ = {
			isa = XCBuildConfiguration;
			baseConfigurationReference = 117909AE9915F1DD21E3DEEF /* Pods-recetasIOS-recetasIOSUITests.release.xcconfig */;
			buildSettings = {
				ALWAYS_EMBED_SWIFT_STANDARD_LIBRARIES = YES;
				CODE_SIGN_STYLE = Automatic;
				CURRENT_PROJECT_VERSION = 1;
				GENERATE_INFOPLIST_FILE = YES;
				MARKETING_VERSION = 1.0;
				PRODUCT_BUNDLE_IDENTIFIER = com.mona15.recetas.recetasIOSUITests;
				PRODUCT_NAME = "$(TARGET_NAME)";
				SWIFT_EMIT_LOC_STRINGS = NO;
				SWIFT_VERSION = 5.0;
				TARGETED_DEVICE_FAMILY = "1,2";
				TEST_TARGET_NAME = recetasIOS;
			};
			name = Release;
		};
		3049849F2B346CEB00188A9A /* Debug */ = {
			isa = XCBuildConfiguration;
			baseConfigurationReference = 7EA91C1CCB1214A533E1B1FA /* Pods-infraestructure.debug.xcconfig */;
			buildSettings = {
				CODE_SIGN_STYLE = Automatic;
				CURRENT_PROJECT_VERSION = 1;
				DEFINES_MODULE = YES;
				DYLIB_COMPATIBILITY_VERSION = 1;
				DYLIB_CURRENT_VERSION = 1;
				DYLIB_INSTALL_NAME_BASE = "@rpath";
				ENABLE_MODULE_VERIFIER = YES;
				GENERATE_INFOPLIST_FILE = YES;
				INFOPLIST_KEY_NSHumanReadableCopyright = "";
				INSTALL_PATH = "$(LOCAL_LIBRARY_DIR)/Frameworks";
				LD_RUNPATH_SEARCH_PATHS = (
					"$(inherited)",
					"@executable_path/Frameworks",
					"@loader_path/Frameworks",
				);
				MARKETING_VERSION = 1.0;
				MODULE_VERIFIER_SUPPORTED_LANGUAGES = "objective-c objective-c++";
				MODULE_VERIFIER_SUPPORTED_LANGUAGE_STANDARDS = "gnu11 gnu++20";
				PRODUCT_BUNDLE_IDENTIFIER = com.mona15.recetas.infraestructure;
				PRODUCT_NAME = "$(TARGET_NAME:c99extidentifier)";
				SKIP_INSTALL = YES;
				SWIFT_EMIT_LOC_STRINGS = YES;
				SWIFT_VERSION = 5.0;
				TARGETED_DEVICE_FAMILY = "1,2";
				VERSIONING_SYSTEM = "apple-generic";
				VERSION_INFO_PREFIX = "";
			};
			name = Debug;
		};
		304984A02B346CEB00188A9A /* Release */ = {
			isa = XCBuildConfiguration;
			baseConfigurationReference = A9E82F31EADBA96E034B466E /* Pods-infraestructure.release.xcconfig */;
			buildSettings = {
				CODE_SIGN_STYLE = Automatic;
				CURRENT_PROJECT_VERSION = 1;
				DEFINES_MODULE = YES;
				DYLIB_COMPATIBILITY_VERSION = 1;
				DYLIB_CURRENT_VERSION = 1;
				DYLIB_INSTALL_NAME_BASE = "@rpath";
				ENABLE_MODULE_VERIFIER = YES;
				GENERATE_INFOPLIST_FILE = YES;
				INFOPLIST_KEY_NSHumanReadableCopyright = "";
				INSTALL_PATH = "$(LOCAL_LIBRARY_DIR)/Frameworks";
				LD_RUNPATH_SEARCH_PATHS = (
					"$(inherited)",
					"@executable_path/Frameworks",
					"@loader_path/Frameworks",
				);
				MARKETING_VERSION = 1.0;
				MODULE_VERIFIER_SUPPORTED_LANGUAGES = "objective-c objective-c++";
				MODULE_VERIFIER_SUPPORTED_LANGUAGE_STANDARDS = "gnu11 gnu++20";
				PRODUCT_BUNDLE_IDENTIFIER = com.mona15.recetas.infraestructure;
				PRODUCT_NAME = "$(TARGET_NAME:c99extidentifier)";
				SKIP_INSTALL = YES;
				SWIFT_EMIT_LOC_STRINGS = YES;
				SWIFT_VERSION = 5.0;
				TARGETED_DEVICE_FAMILY = "1,2";
				VERSIONING_SYSTEM = "apple-generic";
				VERSION_INFO_PREFIX = "";
			};
			name = Release;
		};
		304984A32B346CEB00188A9A /* Debug */ = {
			isa = XCBuildConfiguration;
			baseConfigurationReference = 9784863361C8B9FA5E04994C /* Pods-infraestructure-infraestructureTests.debug.xcconfig */;
			buildSettings = {
				ALWAYS_EMBED_SWIFT_STANDARD_LIBRARIES = YES;
				CODE_SIGN_STYLE = Automatic;
				CURRENT_PROJECT_VERSION = 1;
				GENERATE_INFOPLIST_FILE = YES;
				MARKETING_VERSION = 1.0;
				PRODUCT_BUNDLE_IDENTIFIER = com.mona15.recetas.infraestructureTests;
				PRODUCT_NAME = "$(TARGET_NAME)";
				SWIFT_EMIT_LOC_STRINGS = NO;
				SWIFT_VERSION = 5.0;
				TARGETED_DEVICE_FAMILY = "1,2";
				TEST_HOST = "$(BUILT_PRODUCTS_DIR)/recetasIOS.app/$(BUNDLE_EXECUTABLE_FOLDER_PATH)/recetasIOS";
			};
			name = Debug;
		};
		304984A42B346CEB00188A9A /* Release */ = {
			isa = XCBuildConfiguration;
			baseConfigurationReference = 6D6F3CD9E39D738EC369E7ED /* Pods-infraestructure-infraestructureTests.release.xcconfig */;
			buildSettings = {
				ALWAYS_EMBED_SWIFT_STANDARD_LIBRARIES = YES;
				CODE_SIGN_STYLE = Automatic;
				CURRENT_PROJECT_VERSION = 1;
				GENERATE_INFOPLIST_FILE = YES;
				MARKETING_VERSION = 1.0;
				PRODUCT_BUNDLE_IDENTIFIER = com.mona15.recetas.infraestructureTests;
				PRODUCT_NAME = "$(TARGET_NAME)";
				SWIFT_EMIT_LOC_STRINGS = NO;
				SWIFT_VERSION = 5.0;
				TARGETED_DEVICE_FAMILY = "1,2";
				TEST_HOST = "$(BUILT_PRODUCTS_DIR)/recetasIOS.app/$(BUNDLE_EXECUTABLE_FOLDER_PATH)/recetasIOS";
			};
			name = Release;
		};
		304984C22B346CF600188A9A /* Debug */ = {
			isa = XCBuildConfiguration;
			baseConfigurationReference = AEB6A01023508EA5C5EFFD59 /* Pods-domain.debug.xcconfig */;
			buildSettings = {
				CLANG_ENABLE_MODULES = YES;
				CODE_SIGN_STYLE = Automatic;
				CURRENT_PROJECT_VERSION = 1;
				DEFINES_MODULE = YES;
				DYLIB_COMPATIBILITY_VERSION = 1;
				DYLIB_CURRENT_VERSION = 1;
				DYLIB_INSTALL_NAME_BASE = "@rpath";
				ENABLE_MODULE_VERIFIER = YES;
				GENERATE_INFOPLIST_FILE = YES;
				INFOPLIST_KEY_NSHumanReadableCopyright = "";
				INSTALL_PATH = "$(LOCAL_LIBRARY_DIR)/Frameworks";
				LD_RUNPATH_SEARCH_PATHS = (
					"$(inherited)",
					"@executable_path/Frameworks",
					"@loader_path/Frameworks",
				);
				MARKETING_VERSION = 1.0;
				MODULE_VERIFIER_SUPPORTED_LANGUAGES = "objective-c objective-c++";
				MODULE_VERIFIER_SUPPORTED_LANGUAGE_STANDARDS = "gnu11 gnu++20";
				PRODUCT_BUNDLE_IDENTIFIER = com.mona15.recetas.domain;
				PRODUCT_NAME = "$(TARGET_NAME:c99extidentifier)";
				SKIP_INSTALL = YES;
				SWIFT_EMIT_LOC_STRINGS = YES;
				SWIFT_OPTIMIZATION_LEVEL = "-Onone";
				SWIFT_VERSION = 5.0;
				TARGETED_DEVICE_FAMILY = "1,2";
				VERSIONING_SYSTEM = "apple-generic";
				VERSION_INFO_PREFIX = "";
			};
			name = Debug;
		};
		304984C32B346CF600188A9A /* Release */ = {
			isa = XCBuildConfiguration;
			baseConfigurationReference = F29D993D407C50A2ACBACCF8 /* Pods-domain.release.xcconfig */;
			buildSettings = {
				CLANG_ENABLE_MODULES = YES;
				CODE_SIGN_STYLE = Automatic;
				CURRENT_PROJECT_VERSION = 1;
				DEFINES_MODULE = YES;
				DYLIB_COMPATIBILITY_VERSION = 1;
				DYLIB_CURRENT_VERSION = 1;
				DYLIB_INSTALL_NAME_BASE = "@rpath";
				ENABLE_MODULE_VERIFIER = YES;
				GENERATE_INFOPLIST_FILE = YES;
				INFOPLIST_KEY_NSHumanReadableCopyright = "";
				INSTALL_PATH = "$(LOCAL_LIBRARY_DIR)/Frameworks";
				LD_RUNPATH_SEARCH_PATHS = (
					"$(inherited)",
					"@executable_path/Frameworks",
					"@loader_path/Frameworks",
				);
				MARKETING_VERSION = 1.0;
				MODULE_VERIFIER_SUPPORTED_LANGUAGES = "objective-c objective-c++";
				MODULE_VERIFIER_SUPPORTED_LANGUAGE_STANDARDS = "gnu11 gnu++20";
				PRODUCT_BUNDLE_IDENTIFIER = com.mona15.recetas.domain;
				PRODUCT_NAME = "$(TARGET_NAME:c99extidentifier)";
				SKIP_INSTALL = YES;
				SWIFT_EMIT_LOC_STRINGS = YES;
				SWIFT_VERSION = 5.0;
				TARGETED_DEVICE_FAMILY = "1,2";
				VERSIONING_SYSTEM = "apple-generic";
				VERSION_INFO_PREFIX = "";
			};
			name = Release;
		};
		304984C52B346CF600188A9A /* Debug */ = {
			isa = XCBuildConfiguration;
			baseConfigurationReference = 2AB5257CCFBD48991738BB97 /* Pods-domain-domainTests.debug.xcconfig */;
			buildSettings = {
				ALWAYS_EMBED_SWIFT_STANDARD_LIBRARIES = YES;
				CODE_SIGN_STYLE = Automatic;
				CURRENT_PROJECT_VERSION = 1;
				GENERATE_INFOPLIST_FILE = YES;
				MARKETING_VERSION = 1.0;
				PRODUCT_BUNDLE_IDENTIFIER = com.mona15.recetas.domainTests;
				PRODUCT_NAME = "$(TARGET_NAME)";
				SWIFT_EMIT_LOC_STRINGS = NO;
				SWIFT_VERSION = 5.0;
				TARGETED_DEVICE_FAMILY = "1,2";
				TEST_HOST = "$(BUILT_PRODUCTS_DIR)/recetasIOS.app/$(BUNDLE_EXECUTABLE_FOLDER_PATH)/recetasIOS";
			};
			name = Debug;
		};
		304984C62B346CF600188A9A /* Release */ = {
			isa = XCBuildConfiguration;
			baseConfigurationReference = C22CA68D5FFAAF2D960E5610 /* Pods-domain-domainTests.release.xcconfig */;
			buildSettings = {
				ALWAYS_EMBED_SWIFT_STANDARD_LIBRARIES = YES;
				CODE_SIGN_STYLE = Automatic;
				CURRENT_PROJECT_VERSION = 1;
				GENERATE_INFOPLIST_FILE = YES;
				MARKETING_VERSION = 1.0;
				PRODUCT_BUNDLE_IDENTIFIER = com.mona15.recetas.domainTests;
				PRODUCT_NAME = "$(TARGET_NAME)";
				SWIFT_EMIT_LOC_STRINGS = NO;
				SWIFT_VERSION = 5.0;
				TARGETED_DEVICE_FAMILY = "1,2";
				TEST_HOST = "$(BUILT_PRODUCTS_DIR)/recetasIOS.app/$(BUNDLE_EXECUTABLE_FOLDER_PATH)/recetasIOS";
			};
			name = Release;
		};
/* End XCBuildConfiguration section */

/* Begin XCConfigurationList section */
		304984502B346CCD00188A9A /* Build configuration list for PBXProject "recetasIOS" */ = {
			isa = XCConfigurationList;
			buildConfigurations = (
				304984772B346CCE00188A9A /* Debug */,
				304984782B346CCE00188A9A /* Release */,
			);
			defaultConfigurationIsVisible = 0;
			defaultConfigurationName = Release;
		};
		304984792B346CCE00188A9A /* Build configuration list for PBXNativeTarget "recetasIOS" */ = {
			isa = XCConfigurationList;
			buildConfigurations = (
				3049847A2B346CCE00188A9A /* Debug */,
				3049847B2B346CCE00188A9A /* Release */,
			);
			defaultConfigurationIsVisible = 0;
			defaultConfigurationName = Release;
		};
		3049847C2B346CCE00188A9A /* Build configuration list for PBXNativeTarget "recetasIOSTests" */ = {
			isa = XCConfigurationList;
			buildConfigurations = (
				3049847D2B346CCE00188A9A /* Debug */,
				3049847E2B346CCE00188A9A /* Release */,
			);
			defaultConfigurationIsVisible = 0;
			defaultConfigurationName = Release;
		};
		3049847F2B346CCE00188A9A /* Build configuration list for PBXNativeTarget "recetasIOSUITests" */ = {
			isa = XCConfigurationList;
			buildConfigurations = (
				304984802B346CCE00188A9A /* Debug */,
				304984812B346CCE00188A9A /* Release */,
			);
			defaultConfigurationIsVisible = 0;
			defaultConfigurationName = Release;
		};
		3049849E2B346CEB00188A9A /* Build configuration list for PBXNativeTarget "infraestructure" */ = {
			isa = XCConfigurationList;
			buildConfigurations = (
				3049849F2B346CEB00188A9A /* Debug */,
				304984A02B346CEB00188A9A /* Release */,
			);
			defaultConfigurationIsVisible = 0;
			defaultConfigurationName = Release;
		};
		304984A22B346CEB00188A9A /* Build configuration list for PBXNativeTarget "infraestructureTests" */ = {
			isa = XCConfigurationList;
			buildConfigurations = (
				304984A32B346CEB00188A9A /* Debug */,
				304984A42B346CEB00188A9A /* Release */,
			);
			defaultConfigurationIsVisible = 0;
			defaultConfigurationName = Release;
		};
		304984C12B346CF600188A9A /* Build configuration list for PBXNativeTarget "domain" */ = {
			isa = XCConfigurationList;
			buildConfigurations = (
				304984C22B346CF600188A9A /* Debug */,
				304984C32B346CF600188A9A /* Release */,
			);
			defaultConfigurationIsVisible = 0;
			defaultConfigurationName = Release;
		};
		304984C42B346CF600188A9A /* Build configuration list for PBXNativeTarget "domainTests" */ = {
			isa = XCConfigurationList;
			buildConfigurations = (
				304984C52B346CF600188A9A /* Debug */,
				304984C62B346CF600188A9A /* Release */,
			);
			defaultConfigurationIsVisible = 0;
			defaultConfigurationName = Release;
		};
/* End XCConfigurationList section */
	};
	rootObject = 3049844D2B346CCD00188A9A /* Project object */;
}
