// !$*UTF8*$!
{
	archiveVersion = 1;
	classes = {
	};
	objectVersion = 56;
	objects = {

/* Begin PBXBuildFile section */
		304981792B34046100188A9A /* recetasIOSApp.swift in Sources */ = {isa = PBXBuildFile; fileRef = 304981782B34046100188A9A /* recetasIOSApp.swift */; };
		3049817B2B34046100188A9A /* ContentView.swift in Sources */ = {isa = PBXBuildFile; fileRef = 3049817A2B34046100188A9A /* ContentView.swift */; };
		3049817D2B34046200188A9A /* Assets.xcassets in Resources */ = {isa = PBXBuildFile; fileRef = 3049817C2B34046200188A9A /* Assets.xcassets */; };
		304981802B34046200188A9A /* Preview Assets.xcassets in Resources */ = {isa = PBXBuildFile; fileRef = 3049817F2B34046200188A9A /* Preview Assets.xcassets */; };
		3049818A2B34046200188A9A /* recetasIOSTests.swift in Sources */ = {isa = PBXBuildFile; fileRef = 304981892B34046200188A9A /* recetasIOSTests.swift */; };
		304981942B34046200188A9A /* recetasIOSUITests.swift in Sources */ = {isa = PBXBuildFile; fileRef = 304981932B34046200188A9A /* recetasIOSUITests.swift */; };
		304981962B34046200188A9A /* recetasIOSUITestsLaunchTests.swift in Sources */ = {isa = PBXBuildFile; fileRef = 304981952B34046200188A9A /* recetasIOSUITestsLaunchTests.swift */; };
/* End PBXBuildFile section */

/* Begin PBXContainerItemProxy section */
		304981862B34046200188A9A /* PBXContainerItemProxy */ = {
			isa = PBXContainerItemProxy;
			containerPortal = 3049816D2B34046100188A9A /* Project object */;
			proxyType = 1;
			remoteGlobalIDString = 304981742B34046100188A9A;
			remoteInfo = recetasIOS;
		};
		304981902B34046200188A9A /* PBXContainerItemProxy */ = {
			isa = PBXContainerItemProxy;
			containerPortal = 3049816D2B34046100188A9A /* Project object */;
			proxyType = 1;
			remoteGlobalIDString = 304981742B34046100188A9A;
			remoteInfo = recetasIOS;
		};
/* End PBXContainerItemProxy section */

/* Begin PBXFileReference section */
		304981752B34046100188A9A /* recetasIOS.app */ = {isa = PBXFileReference; explicitFileType = wrapper.application; includeInIndex = 0; path = recetasIOS.app; sourceTree = BUILT_PRODUCTS_DIR; };
		304981782B34046100188A9A /* recetasIOSApp.swift */ = {isa = PBXFileReference; lastKnownFileType = sourcecode.swift; path = recetasIOSApp.swift; sourceTree = "<group>"; };
		3049817A2B34046100188A9A /* ContentView.swift */ = {isa = PBXFileReference; lastKnownFileType = sourcecode.swift; path = ContentView.swift; sourceTree = "<group>"; };
		3049817C2B34046200188A9A /* Assets.xcassets */ = {isa = PBXFileReference; lastKnownFileType = folder.assetcatalog; path = Assets.xcassets; sourceTree = "<group>"; };
		3049817F2B34046200188A9A /* Preview Assets.xcassets */ = {isa = PBXFileReference; lastKnownFileType = folder.assetcatalog; path = "Preview Assets.xcassets"; sourceTree = "<group>"; };
		304981852B34046200188A9A /* recetasIOSTests.xctest */ = {isa = PBXFileReference; explicitFileType = wrapper.cfbundle; includeInIndex = 0; path = recetasIOSTests.xctest; sourceTree = BUILT_PRODUCTS_DIR; };
		304981892B34046200188A9A /* recetasIOSTests.swift */ = {isa = PBXFileReference; lastKnownFileType = sourcecode.swift; path = recetasIOSTests.swift; sourceTree = "<group>"; };
		3049818F2B34046200188A9A /* recetasIOSUITests.xctest */ = {isa = PBXFileReference; explicitFileType = wrapper.cfbundle; includeInIndex = 0; path = recetasIOSUITests.xctest; sourceTree = BUILT_PRODUCTS_DIR; };
		304981932B34046200188A9A /* recetasIOSUITests.swift */ = {isa = PBXFileReference; lastKnownFileType = sourcecode.swift; path = recetasIOSUITests.swift; sourceTree = "<group>"; };
		304981952B34046200188A9A /* recetasIOSUITestsLaunchTests.swift */ = {isa = PBXFileReference; lastKnownFileType = sourcecode.swift; path = recetasIOSUITestsLaunchTests.swift; sourceTree = "<group>"; };
/* End PBXFileReference section */

/* Begin PBXFrameworksBuildPhase section */
		304981722B34046100188A9A /* Frameworks */ = {
			isa = PBXFrameworksBuildPhase;
			buildActionMask = 2147483647;
			files = (
			);
			runOnlyForDeploymentPostprocessing = 0;
		};
		304981822B34046200188A9A /* Frameworks */ = {
			isa = PBXFrameworksBuildPhase;
			buildActionMask = 2147483647;
			files = (
			);
			runOnlyForDeploymentPostprocessing = 0;
		};
		3049818C2B34046200188A9A /* Frameworks */ = {
			isa = PBXFrameworksBuildPhase;
			buildActionMask = 2147483647;
			files = (
			);
			runOnlyForDeploymentPostprocessing = 0;
		};
/* End PBXFrameworksBuildPhase section */

/* Begin PBXGroup section */
		3049816C2B34046100188A9A = {
			isa = PBXGroup;
			children = (
				304981772B34046100188A9A /* recetasIOS */,
				304981882B34046200188A9A /* recetasIOSTests */,
				304981922B34046200188A9A /* recetasIOSUITests */,
				304981762B34046100188A9A /* Products */,
			);
			sourceTree = "<group>";
		};
		304981762B34046100188A9A /* Products */ = {
			isa = PBXGroup;
			children = (
				304981752B34046100188A9A /* recetasIOS.app */,
				304981852B34046200188A9A /* recetasIOSTests.xctest */,
				3049818F2B34046200188A9A /* recetasIOSUITests.xctest */,
			);
			name = Products;
			sourceTree = "<group>";
		};
		304981772B34046100188A9A /* recetasIOS */ = {
			isa = PBXGroup;
			children = (
				304981782B34046100188A9A /* recetasIOSApp.swift */,
				3049817A2B34046100188A9A /* ContentView.swift */,
				3049817C2B34046200188A9A /* Assets.xcassets */,
				3049817E2B34046200188A9A /* Preview Content */,
			);
			path = recetasIOS;
			sourceTree = "<group>";
		};
		3049817E2B34046200188A9A /* Preview Content */ = {
			isa = PBXGroup;
			children = (
				3049817F2B34046200188A9A /* Preview Assets.xcassets */,
			);
			path = "Preview Content";
			sourceTree = "<group>";
		};
		304981882B34046200188A9A /* recetasIOSTests */ = {
			isa = PBXGroup;
			children = (
				304981892B34046200188A9A /* recetasIOSTests.swift */,
			);
			path = recetasIOSTests;
			sourceTree = "<group>";
		};
		304981922B34046200188A9A /* recetasIOSUITests */ = {
			isa = PBXGroup;
			children = (
				304981932B34046200188A9A /* recetasIOSUITests.swift */,
				304981952B34046200188A9A /* recetasIOSUITestsLaunchTests.swift */,
			);
			path = recetasIOSUITests;
			sourceTree = "<group>";
		};
/* End PBXGroup section */

/* Begin PBXNativeTarget section */
		304981742B34046100188A9A /* recetasIOS */ = {
			isa = PBXNativeTarget;
			buildConfigurationList = 304981992B34046200188A9A /* Build configuration list for PBXNativeTarget "recetasIOS" */;
			buildPhases = (
				304981712B34046100188A9A /* Sources */,
				304981722B34046100188A9A /* Frameworks */,
				304981732B34046100188A9A /* Resources */,
			);
			buildRules = (
			);
			dependencies = (
			);
			name = recetasIOS;
			productName = recetasIOS;
			productReference = 304981752B34046100188A9A /* recetasIOS.app */;
			productType = "com.apple.product-type.application";
		};
		304981842B34046200188A9A /* recetasIOSTests */ = {
			isa = PBXNativeTarget;
			buildConfigurationList = 3049819C2B34046200188A9A /* Build configuration list for PBXNativeTarget "recetasIOSTests" */;
			buildPhases = (
				304981812B34046200188A9A /* Sources */,
				304981822B34046200188A9A /* Frameworks */,
				304981832B34046200188A9A /* Resources */,
			);
			buildRules = (
			);
			dependencies = (
				304981872B34046200188A9A /* PBXTargetDependency */,
			);
			name = recetasIOSTests;
			productName = recetasIOSTests;
			productReference = 304981852B34046200188A9A /* recetasIOSTests.xctest */;
			productType = "com.apple.product-type.bundle.unit-test";
		};
		3049818E2B34046200188A9A /* recetasIOSUITests */ = {
			isa = PBXNativeTarget;
			buildConfigurationList = 3049819F2B34046200188A9A /* Build configuration list for PBXNativeTarget "recetasIOSUITests" */;
			buildPhases = (
				3049818B2B34046200188A9A /* Sources */,
				3049818C2B34046200188A9A /* Frameworks */,
				3049818D2B34046200188A9A /* Resources */,
			);
			buildRules = (
			);
			dependencies = (
				304981912B34046200188A9A /* PBXTargetDependency */,
			);
			name = recetasIOSUITests;
			productName = recetasIOSUITests;
			productReference = 3049818F2B34046200188A9A /* recetasIOSUITests.xctest */;
			productType = "com.apple.product-type.bundle.ui-testing";
		};
/* End PBXNativeTarget section */

/* Begin PBXProject section */
		3049816D2B34046100188A9A /* Project object */ = {
			isa = PBXProject;
			attributes = {
				BuildIndependentTargetsInParallel = 1;
				LastSwiftUpdateCheck = 1430;
				LastUpgradeCheck = 1430;
				TargetAttributes = {
					304981742B34046100188A9A = {
						CreatedOnToolsVersion = 14.3.1;
					};
					304981842B34046200188A9A = {
						CreatedOnToolsVersion = 14.3.1;
						TestTargetID = 304981742B34046100188A9A;
					};
					3049818E2B34046200188A9A = {
						CreatedOnToolsVersion = 14.3.1;
						TestTargetID = 304981742B34046100188A9A;
					};
				};
			};
			buildConfigurationList = 304981702B34046100188A9A /* Build configuration list for PBXProject "recetasIOS" */;
			compatibilityVersion = "Xcode 14.0";
			developmentRegion = en;
			hasScannedForEncodings = 0;
			knownRegions = (
				en,
				Base,
			);
			mainGroup = 3049816C2B34046100188A9A;
			productRefGroup = 304981762B34046100188A9A /* Products */;
			projectDirPath = "";
			projectRoot = "";
			targets = (
				304981742B34046100188A9A /* recetasIOS */,
				304981842B34046200188A9A /* recetasIOSTests */,
				3049818E2B34046200188A9A /* recetasIOSUITests */,
			);
		};
/* End PBXProject section */

/* Begin PBXResourcesBuildPhase section */
		304981732B34046100188A9A /* Resources */ = {
			isa = PBXResourcesBuildPhase;
			buildActionMask = 2147483647;
			files = (
				304981802B34046200188A9A /* Preview Assets.xcassets in Resources */,
				3049817D2B34046200188A9A /* Assets.xcassets in Resources */,
			);
			runOnlyForDeploymentPostprocessing = 0;
		};
		304981832B34046200188A9A /* Resources */ = {
			isa = PBXResourcesBuildPhase;
			buildActionMask = 2147483647;
			files = (
			);
			runOnlyForDeploymentPostprocessing = 0;
		};
		3049818D2B34046200188A9A /* Resources */ = {
			isa = PBXResourcesBuildPhase;
			buildActionMask = 2147483647;
			files = (
			);
			runOnlyForDeploymentPostprocessing = 0;
		};
/* End PBXResourcesBuildPhase section */

/* Begin PBXSourcesBuildPhase section */
		304981712B34046100188A9A /* Sources */ = {
			isa = PBXSourcesBuildPhase;
			buildActionMask = 2147483647;
			files = (
				3049817B2B34046100188A9A /* ContentView.swift in Sources */,
				304981792B34046100188A9A /* recetasIOSApp.swift in Sources */,
			);
			runOnlyForDeploymentPostprocessing = 0;
		};
		304981812B34046200188A9A /* Sources */ = {
			isa = PBXSourcesBuildPhase;
			buildActionMask = 2147483647;
			files = (
				3049818A2B34046200188A9A /* recetasIOSTests.swift in Sources */,
			);
			runOnlyForDeploymentPostprocessing = 0;
		};
		3049818B2B34046200188A9A /* Sources */ = {
			isa = PBXSourcesBuildPhase;
			buildActionMask = 2147483647;
			files = (
				304981962B34046200188A9A /* recetasIOSUITestsLaunchTests.swift in Sources */,
				304981942B34046200188A9A /* recetasIOSUITests.swift in Sources */,
			);
			runOnlyForDeploymentPostprocessing = 0;
		};
/* End PBXSourcesBuildPhase section */

/* Begin PBXTargetDependency section */
		304981872B34046200188A9A /* PBXTargetDependency */ = {
			isa = PBXTargetDependency;
			target = 304981742B34046100188A9A /* recetasIOS */;
			targetProxy = 304981862B34046200188A9A /* PBXContainerItemProxy */;
		};
		304981912B34046200188A9A /* PBXTargetDependency */ = {
			isa = PBXTargetDependency;
			target = 304981742B34046100188A9A /* recetasIOS */;
			targetProxy = 304981902B34046200188A9A /* PBXContainerItemProxy */;
		};
/* End PBXTargetDependency section */

/* Begin XCBuildConfiguration section */
		304981972B34046200188A9A /* Debug */ = {
			isa = XCBuildConfiguration;
			buildSettings = {
				ALWAYS_SEARCH_USER_PATHS = NO;
				CLANG_ANALYZER_NONNULL = YES;
				CLANG_ANALYZER_NUMBER_OBJECT_CONVERSION = YES_AGGRESSIVE;
				CLANG_CXX_LANGUAGE_STANDARD = "gnu++20";
				CLANG_ENABLE_MODULES = YES;
				CLANG_ENABLE_OBJC_ARC = YES;
				CLANG_ENABLE_OBJC_WEAK = YES;
				CLANG_WARN_BLOCK_CAPTURE_AUTORELEASING = YES;
				CLANG_WARN_BOOL_CONVERSION = YES;
				CLANG_WARN_COMMA = YES;
				CLANG_WARN_CONSTANT_CONVERSION = YES;
				CLANG_WARN_DEPRECATED_OBJC_IMPLEMENTATIONS = YES;
				CLANG_WARN_DIRECT_OBJC_ISA_USAGE = YES_ERROR;
				CLANG_WARN_DOCUMENTATION_COMMENTS = YES;
				CLANG_WARN_EMPTY_BODY = YES;
				CLANG_WARN_ENUM_CONVERSION = YES;
				CLANG_WARN_INFINITE_RECURSION = YES;
				CLANG_WARN_INT_CONVERSION = YES;
				CLANG_WARN_NON_LITERAL_NULL_CONVERSION = YES;
				CLANG_WARN_OBJC_IMPLICIT_RETAIN_SELF = YES;
				CLANG_WARN_OBJC_LITERAL_CONVERSION = YES;
				CLANG_WARN_OBJC_ROOT_CLASS = YES_ERROR;
				CLANG_WARN_QUOTED_INCLUDE_IN_FRAMEWORK_HEADER = YES;
				CLANG_WARN_RANGE_LOOP_ANALYSIS = YES;
				CLANG_WARN_STRICT_PROTOTYPES = YES;
				CLANG_WARN_SUSPICIOUS_MOVE = YES;
				CLANG_WARN_UNGUARDED_AVAILABILITY = YES_AGGRESSIVE;
				CLANG_WARN_UNREACHABLE_CODE = YES;
				CLANG_WARN__DUPLICATE_METHOD_MATCH = YES;
				COPY_PHASE_STRIP = NO;
				DEBUG_INFORMATION_FORMAT = dwarf;
				ENABLE_STRICT_OBJC_MSGSEND = YES;
				ENABLE_TESTABILITY = YES;
				GCC_C_LANGUAGE_STANDARD = gnu11;
				GCC_DYNAMIC_NO_PIC = NO;
				GCC_NO_COMMON_BLOCKS = YES;
				GCC_OPTIMIZATION_LEVEL = 0;
				GCC_PREPROCESSOR_DEFINITIONS = (
					"DEBUG=1",
					"$(inherited)",
				);
				GCC_WARN_64_TO_32_BIT_CONVERSION = YES;
				GCC_WARN_ABOUT_RETURN_TYPE = YES_ERROR;
				GCC_WARN_UNDECLARED_SELECTOR = YES;
				GCC_WARN_UNINITIALIZED_AUTOS = YES_AGGRESSIVE;
				GCC_WARN_UNUSED_FUNCTION = YES;
				GCC_WARN_UNUSED_VARIABLE = YES;
				IPHONEOS_DEPLOYMENT_TARGET = 16.4;
				MTL_ENABLE_DEBUG_INFO = INCLUDE_SOURCE;
				MTL_FAST_MATH = YES;
				ONLY_ACTIVE_ARCH = YES;
				SDKROOT = iphoneos;
				SWIFT_ACTIVE_COMPILATION_CONDITIONS = DEBUG;
				SWIFT_OPTIMIZATION_LEVEL = "-Onone";
			};
			name = Debug;
		};
		304981982B34046200188A9A /* Release */ = {
			isa = XCBuildConfiguration;
			buildSettings = {
				ALWAYS_SEARCH_USER_PATHS = NO;
				CLANG_ANALYZER_NONNULL = YES;
				CLANG_ANALYZER_NUMBER_OBJECT_CONVERSION = YES_AGGRESSIVE;
				CLANG_CXX_LANGUAGE_STANDARD = "gnu++20";
				CLANG_ENABLE_MODULES = YES;
				CLANG_ENABLE_OBJC_ARC = YES;
				CLANG_ENABLE_OBJC_WEAK = YES;
				CLANG_WARN_BLOCK_CAPTURE_AUTORELEASING = YES;
				CLANG_WARN_BOOL_CONVERSION = YES;
				CLANG_WARN_COMMA = YES;
				CLANG_WARN_CONSTANT_CONVERSION = YES;
				CLANG_WARN_DEPRECATED_OBJC_IMPLEMENTATIONS = YES;
				CLANG_WARN_DIRECT_OBJC_ISA_USAGE = YES_ERROR;
				CLANG_WARN_DOCUMENTATION_COMMENTS = YES;
				CLANG_WARN_EMPTY_BODY = YES;
				CLANG_WARN_ENUM_CONVERSION = YES;
				CLANG_WARN_INFINITE_RECURSION = YES;
				CLANG_WARN_INT_CONVERSION = YES;
				CLANG_WARN_NON_LITERAL_NULL_CONVERSION = YES;
				CLANG_WARN_OBJC_IMPLICIT_RETAIN_SELF = YES;
				CLANG_WARN_OBJC_LITERAL_CONVERSION = YES;
				CLANG_WARN_OBJC_ROOT_CLASS = YES_ERROR;
				CLANG_WARN_QUOTED_INCLUDE_IN_FRAMEWORK_HEADER = YES;
				CLANG_WARN_RANGE_LOOP_ANALYSIS = YES;
				CLANG_WARN_STRICT_PROTOTYPES = YES;
				CLANG_WARN_SUSPICIOUS_MOVE = YES;
				CLANG_WARN_UNGUARDED_AVAILABILITY = YES_AGGRESSIVE;
				CLANG_WARN_UNREACHABLE_CODE = YES;
				CLANG_WARN__DUPLICATE_METHOD_MATCH = YES;
				COPY_PHASE_STRIP = NO;
				DEBUG_INFORMATION_FORMAT = "dwarf-with-dsym";
				ENABLE_NS_ASSERTIONS = NO;
				ENABLE_STRICT_OBJC_MSGSEND = YES;
				GCC_C_LANGUAGE_STANDARD = gnu11;
				GCC_NO_COMMON_BLOCKS = YES;
				GCC_WARN_64_TO_32_BIT_CONVERSION = YES;
				GCC_WARN_ABOUT_RETURN_TYPE = YES_ERROR;
				GCC_WARN_UNDECLARED_SELECTOR = YES;
				GCC_WARN_UNINITIALIZED_AUTOS = YES_AGGRESSIVE;
				GCC_WARN_UNUSED_FUNCTION = YES;
				GCC_WARN_UNUSED_VARIABLE = YES;
				IPHONEOS_DEPLOYMENT_TARGET = 16.4;
				MTL_ENABLE_DEBUG_INFO = NO;
				MTL_FAST_MATH = YES;
				SDKROOT = iphoneos;
				SWIFT_COMPILATION_MODE = wholemodule;
				SWIFT_OPTIMIZATION_LEVEL = "-O";
				VALIDATE_PRODUCT = YES;
			};
			name = Release;
		};
		3049819A2B34046200188A9A /* Debug */ = {
			isa = XCBuildConfiguration;
			buildSettings = {
				ASSETCATALOG_COMPILER_APPICON_NAME = AppIcon;
				ASSETCATALOG_COMPILER_GLOBAL_ACCENT_COLOR_NAME = AccentColor;
				CODE_SIGN_STYLE = Automatic;
				CURRENT_PROJECT_VERSION = 1;
				DEVELOPMENT_ASSET_PATHS = "\"recetasIOS/Preview Content\"";
				ENABLE_PREVIEWS = YES;
				GENERATE_INFOPLIST_FILE = YES;
				INFOPLIST_KEY_UIApplicationSceneManifest_Generation = YES;
				INFOPLIST_KEY_UIApplicationSupportsIndirectInputEvents = YES;
				INFOPLIST_KEY_UILaunchScreen_Generation = YES;
				INFOPLIST_KEY_UISupportedInterfaceOrientations_iPad = "UIInterfaceOrientationPortrait UIInterfaceOrientationPortraitUpsideDown UIInterfaceOrientationLandscapeLeft UIInterfaceOrientationLandscapeRight";
				INFOPLIST_KEY_UISupportedInterfaceOrientations_iPhone = "UIInterfaceOrientationPortrait UIInterfaceOrientationLandscapeLeft UIInterfaceOrientationLandscapeRight";
				LD_RUNPATH_SEARCH_PATHS = (
					"$(inherited)",
					"@executable_path/Frameworks",
				);
				MARKETING_VERSION = 1.0;
				PRODUCT_BUNDLE_IDENTIFIER = com.mona15.recetas.recetasIOS;
				PRODUCT_NAME = "$(TARGET_NAME)";
				SWIFT_EMIT_LOC_STRINGS = YES;
				SWIFT_VERSION = 5.0;
				TARGETED_DEVICE_FAMILY = "1,2";
			};
			name = Debug;
		};
		3049819B2B34046200188A9A /* Release */ = {
			isa = XCBuildConfiguration;
			buildSettings = {
				ASSETCATALOG_COMPILER_APPICON_NAME = AppIcon;
				ASSETCATALOG_COMPILER_GLOBAL_ACCENT_COLOR_NAME = AccentColor;
				CODE_SIGN_STYLE = Automatic;
				CURRENT_PROJECT_VERSION = 1;
				DEVELOPMENT_ASSET_PATHS = "\"recetasIOS/Preview Content\"";
				ENABLE_PREVIEWS = YES;
				GENERATE_INFOPLIST_FILE = YES;
				INFOPLIST_KEY_UIApplicationSceneManifest_Generation = YES;
				INFOPLIST_KEY_UIApplicationSupportsIndirectInputEvents = YES;
				INFOPLIST_KEY_UILaunchScreen_Generation = YES;
				INFOPLIST_KEY_UISupportedInterfaceOrientations_iPad = "UIInterfaceOrientationPortrait UIInterfaceOrientationPortraitUpsideDown UIInterfaceOrientationLandscapeLeft UIInterfaceOrientationLandscapeRight";
				INFOPLIST_KEY_UISupportedInterfaceOrientations_iPhone = "UIInterfaceOrientationPortrait UIInterfaceOrientationLandscapeLeft UIInterfaceOrientationLandscapeRight";
				LD_RUNPATH_SEARCH_PATHS = (
					"$(inherited)",
					"@executable_path/Frameworks",
				);
				MARKETING_VERSION = 1.0;
				PRODUCT_BUNDLE_IDENTIFIER = com.mona15.recetas.recetasIOS;
				PRODUCT_NAME = "$(TARGET_NAME)";
				SWIFT_EMIT_LOC_STRINGS = YES;
				SWIFT_VERSION = 5.0;
				TARGETED_DEVICE_FAMILY = "1,2";
			};
			name = Release;
		};
		3049819D2B34046200188A9A /* Debug */ = {
			isa = XCBuildConfiguration;
			buildSettings = {
				ALWAYS_EMBED_SWIFT_STANDARD_LIBRARIES = YES;
				BUNDLE_LOADER = "$(TEST_HOST)";
				CODE_SIGN_STYLE = Automatic;
				CURRENT_PROJECT_VERSION = 1;
				GENERATE_INFOPLIST_FILE = YES;
				IPHONEOS_DEPLOYMENT_TARGET = 16.4;
				MARKETING_VERSION = 1.0;
				PRODUCT_BUNDLE_IDENTIFIER = com.mona15.recetas.recetasIOSTests;
				PRODUCT_NAME = "$(TARGET_NAME)";
				SWIFT_EMIT_LOC_STRINGS = NO;
				SWIFT_VERSION = 5.0;
				TARGETED_DEVICE_FAMILY = "1,2";
				TEST_HOST = "$(BUILT_PRODUCTS_DIR)/recetasIOS.app/$(BUNDLE_EXECUTABLE_FOLDER_PATH)/recetasIOS";
			};
			name = Debug;
		};
		3049819E2B34046200188A9A /* Release */ = {
			isa = XCBuildConfiguration;
			buildSettings = {
				ALWAYS_EMBED_SWIFT_STANDARD_LIBRARIES = YES;
				BUNDLE_LOADER = "$(TEST_HOST)";
				CODE_SIGN_STYLE = Automatic;
				CURRENT_PROJECT_VERSION = 1;
				GENERATE_INFOPLIST_FILE = YES;
				IPHONEOS_DEPLOYMENT_TARGET = 16.4;
				MARKETING_VERSION = 1.0;
				PRODUCT_BUNDLE_IDENTIFIER = com.mona15.recetas.recetasIOSTests;
				PRODUCT_NAME = "$(TARGET_NAME)";
				SWIFT_EMIT_LOC_STRINGS = NO;
				SWIFT_VERSION = 5.0;
				TARGETED_DEVICE_FAMILY = "1,2";
				TEST_HOST = "$(BUILT_PRODUCTS_DIR)/recetasIOS.app/$(BUNDLE_EXECUTABLE_FOLDER_PATH)/recetasIOS";
			};
			name = Release;
		};
		304981A02B34046200188A9A /* Debug */ = {
			isa = XCBuildConfiguration;
			buildSettings = {
				ALWAYS_EMBED_SWIFT_STANDARD_LIBRARIES = YES;
				CODE_SIGN_STYLE = Automatic;
				CURRENT_PROJECT_VERSION = 1;
				GENERATE_INFOPLIST_FILE = YES;
				MARKETING_VERSION = 1.0;
				PRODUCT_BUNDLE_IDENTIFIER = com.mona15.recetas.recetasIOSUITests;
				PRODUCT_NAME = "$(TARGET_NAME)";
				SWIFT_EMIT_LOC_STRINGS = NO;
				SWIFT_VERSION = 5.0;
				TARGETED_DEVICE_FAMILY = "1,2";
				TEST_TARGET_NAME = recetasIOS;
			};
			name = Debug;
		};
		304981A12B34046200188A9A /* Release */ = {
			isa = XCBuildConfiguration;
			buildSettings = {
				ALWAYS_EMBED_SWIFT_STANDARD_LIBRARIES = YES;
				CODE_SIGN_STYLE = Automatic;
				CURRENT_PROJECT_VERSION = 1;
				GENERATE_INFOPLIST_FILE = YES;
				MARKETING_VERSION = 1.0;
				PRODUCT_BUNDLE_IDENTIFIER = com.mona15.recetas.recetasIOSUITests;
				PRODUCT_NAME = "$(TARGET_NAME)";
				SWIFT_EMIT_LOC_STRINGS = NO;
				SWIFT_VERSION = 5.0;
				TARGETED_DEVICE_FAMILY = "1,2";
				TEST_TARGET_NAME = recetasIOS;
			};
			name = Release;
		};
/* End XCBuildConfiguration section */

/* Begin XCConfigurationList section */
		304981702B34046100188A9A /* Build configuration list for PBXProject "recetasIOS" */ = {
			isa = XCConfigurationList;
			buildConfigurations = (
				304981972B34046200188A9A /* Debug */,
				304981982B34046200188A9A /* Release */,
			);
			defaultConfigurationIsVisible = 0;
			defaultConfigurationName = Release;
		};
		304981992B34046200188A9A /* Build configuration list for PBXNativeTarget "recetasIOS" */ = {
			isa = XCConfigurationList;
			buildConfigurations = (
				3049819A2B34046200188A9A /* Debug */,
				3049819B2B34046200188A9A /* Release */,
			);
			defaultConfigurationIsVisible = 0;
			defaultConfigurationName = Release;
		};
		3049819C2B34046200188A9A /* Build configuration list for PBXNativeTarget "recetasIOSTests" */ = {
			isa = XCConfigurationList;
			buildConfigurations = (
				3049819D2B34046200188A9A /* Debug */,
				3049819E2B34046200188A9A /* Release */,
			);
			defaultConfigurationIsVisible = 0;
			defaultConfigurationName = Release;
		};
		3049819F2B34046200188A9A /* Build configuration list for PBXNativeTarget "recetasIOSUITests" */ = {
			isa = XCConfigurationList;
			buildConfigurations = (
				304981A02B34046200188A9A /* Debug */,
				304981A12B34046200188A9A /* Release */,
			);
			defaultConfigurationIsVisible = 0;
			defaultConfigurationName = Release;
		};
/* End XCConfigurationList section */
	};
	rootObject = 3049816D2B34046100188A9A /* Project object */;
}
